
Microsoft Visual Studio Solution File, Format Version 12.00
# Visual Studio Version 17
VisualStudioVersion = 17.0.31903.59
MinimumVisualStudioVersion = 10.0.40219.1
Project("{2150E333-8FDC-42A3-9474-1A3956D46DE8}") = "src", "src", "{827E0CD3-B72D-47B6-A68D-7590B98EB39B}"
EndProject
Project("{FAE04EC0-301F-11D3-BF4B-00C04F79EFBC}") = "Shared", "src\Shared\Shared.csproj", "{E57144EB-1C84-4BC4-8C9F-7C668FDDD63B}"
EndProject
Project("{2150E333-8FDC-42A3-9474-1A3956D46DE8}") = "OrderContext", "OrderContext", "{1EEA401B-D0AE-72D7-A154-59C37B156987}"
EndProject
Project("{2150E333-8FDC-42A3-9474-1A3956D46DE8}") = "Domain", "Domain", "{97C08C15-9E4E-B314-6F98-DFE964B72BBD}"
EndProject
Project("{FAE04EC0-301F-11D3-BF4B-00C04F79EFBC}") = "OrderContext.Domain", "src\OrderContext\Domain\OrderContext.Domain.csproj", "{5B70EE5E-8C6E-46F5-A38C-CD037C1C29E8}"
EndProject
Project("{2150E333-8FDC-42A3-9474-1A3956D46DE8}") = "Application", "Application", "{DD561B17-F145-23B6-4044-3D8E4B591108}"
EndProject
Project("{FAE04EC0-301F-11D3-BF4B-00C04F79EFBC}") = "OrderContext.Application", "src\OrderContext\Application\OrderContext.Application.csproj", "{905AAC83-EF87-43A9-BC1F-9374E1261148}"
EndProject
Project("{2150E333-8FDC-42A3-9474-1A3956D46DE8}") = "Infrastructure", "Infrastructure", "{A596A849-1E05-8F06-7CCA-B5676105A177}"
EndProject
Project("{FAE04EC0-301F-11D3-BF4B-00C04F79EFBC}") = "OrderContext.Infrastructure", "src\OrderContext\Infrastructure\OrderContext.Infrastructure.csproj", "{E4DFDDB8-E098-44FA-AED4-11AEBC27A498}"
EndProject
Project("{2150E333-8FDC-42A3-9474-1A3956D46DE8}") = "CatalogContext", "CatalogContext", "{E03163F1-68AF-A645-CE1A-8269787AE110}"
EndProject
Project("{2150E333-8FDC-42A3-9474-1A3956D46DE8}") = "Domain", "Domain", "{D402BBA6-6AE4-BC6E-9141-76ACD25C970B}"
EndProject
Project("{FAE04EC0-301F-11D3-BF4B-00C04F79EFBC}") = "CatalogContext.Domain", "src\CatalogContext\Domain\CatalogContext.Domain.csproj", "{452D0F63-35AD-442E-BC66-2EECA3CFB6AE}"
EndProject
Project("{2150E333-8FDC-42A3-9474-1A3956D46DE8}") = "Application", "Application", "{D9697B4D-00C5-3F5A-7945-A55192247C66}"
EndProject
Project("{FAE04EC0-301F-11D3-BF4B-00C04F79EFBC}") = "CatalogContext.Application", "src\CatalogContext\Application\CatalogContext.Application.csproj", "{0C35D51C-234A-4CCE-A868-77060A805C2A}"
EndProject
Project("{2150E333-8FDC-42A3-9474-1A3956D46DE8}") = "Infrastructure", "Infrastructure", "{5110B40D-7661-4E0C-5689-3BE55D88CDBA}"
EndProject
Project("{FAE04EC0-301F-11D3-BF4B-00C04F79EFBC}") = "CatalogContext.Infrastructure", "src\CatalogContext\Infrastructure\CatalogContext.Infrastructure.csproj", "{B41A2FB1-9CB5-47DE-A5AB-FCB9922DD3A5}"
EndProject
Project("{2150E333-8FDC-42A3-9474-1A3956D46DE8}") = "CustomerContext", "CustomerContext", "{5CF9D108-3CE2-D575-3805-9FB03209CE1B}"
EndProject
Project("{2150E333-8FDC-42A3-9474-1A3956D46DE8}") = "Domain", "Domain", "{8605388B-18BC-5697-9431-06D23CDB1A3B}"
EndProject
Project("{FAE04EC0-301F-11D3-BF4B-00C04F79EFBC}") = "CustomerContext.Domain", "src\CustomerContext\Domain\CustomerContext.Domain.csproj", "{0FA49A48-5D4B-4F01-86DC-E8A90EFF7D83}"
EndProject
Project("{2150E333-8FDC-42A3-9474-1A3956D46DE8}") = "Application", "Application", "{4EA47C48-8DBA-D6F6-6908-6CA4166F2889}"
EndProject
Project("{FAE04EC0-301F-11D3-BF4B-00C04F79EFBC}") = "CustomerContext.Application", "src\CustomerContext\Application\CustomerContext.Application.csproj", "{2CD98AA1-0E79-49BE-9ABB-1D3E37981D3B}"
EndProject
Project("{2150E333-8FDC-42A3-9474-1A3956D46DE8}") = "Infrastructure", "Infrastructure", "{F7ACFFBD-9FFB-D650-910B-C7724604B69A}"
EndProject
Project("{FAE04EC0-301F-11D3-BF4B-00C04F79EFBC}") = "CustomerContext.Infrastructure", "src\CustomerContext\Infrastructure\CustomerContext.Infrastructure.csproj", "{5CC2B4EE-9C86-48E0-BA50-54F70419DD30}"
EndProject
Project("{FAE04EC0-301F-11D3-BF4B-00C04F79EFBC}") = "WebApi", "src\WebApi\WebApi.csproj", "{54BCC520-9C84-463F-A1C2-E8002B3E9B41}"
EndProject
Project("{2150E333-8FDC-42A3-9474-1A3956D46DE8}") = "tests", "tests", "{0AB3BF05-4346-4AA6-1389-037BE0695223}"
EndProject
Project("{FAE04EC0-301F-11D3-BF4B-00C04F79EFBC}") = "OrderContext.UnitTests", "tests\OrderContext.UnitTests\OrderContext.UnitTests.csproj", "{76DF25F4-804A-478C-98F0-028BEB1BB486}"
EndProject
Project("{FAE04EC0-301F-11D3-BF4B-00C04F79EFBC}") = "OrderContext.IntegrationTests", "tests\OrderContext.IntegrationTests\OrderContext.IntegrationTests.csproj", "{D3B019C2-CA0B-4371-8A11-982B85797797}"
EndProject
Project("{FAE04EC0-301F-11D3-BF4B-00C04F79EFBC}") = "CatalogContext.UnitTests", "tests\CatalogContext.UnitTests\CatalogContext.UnitTests.csproj", "{588F34B0-CEC0-4F73-91AC-B9496829BF90}"
EndProject
Project("{FAE04EC0-301F-11D3-BF4B-00C04F79EFBC}") = "CustomerContext.UnitTests", "tests\CustomerContext.UnitTests\CustomerContext.UnitTests.csproj", "{2841B3AA-1B80-45F5-AC54-57715096CBC7}"
EndProject
Global
	GlobalSection(SolutionConfigurationPlatforms) = preSolution
		Debug|Any CPU = Debug|Any CPU
		Debug|x64 = Debug|x64
		Debug|x86 = Debug|x86
		Release|Any CPU = Release|Any CPU
		Release|x64 = Release|x64
		Release|x86 = Release|x86
	EndGlobalSection
	GlobalSection(ProjectConfigurationPlatforms) = postSolution
		{E57144EB-1C84-4BC4-8C9F-7C668FDDD63B}.Debug|Any CPU.ActiveCfg = Debug|Any CPU
		{E57144EB-1C84-4BC4-8C9F-7C668FDDD63B}.Debug|Any CPU.Build.0 = Debug|Any CPU
		{E57144EB-1C84-4BC4-8C9F-7C668FDDD63B}.Debug|x64.ActiveCfg = Debug|Any CPU
		{E57144EB-1C84-4BC4-8C9F-7C668FDDD63B}.Debug|x64.Build.0 = Debug|Any CPU
		{E57144EB-1C84-4BC4-8C9F-7C668FDDD63B}.Debug|x86.ActiveCfg = Debug|Any CPU
		{E57144EB-1C84-4BC4-8C9F-7C668FDDD63B}.Debug|x86.Build.0 = Debug|Any CPU
		{E57144EB-1C84-4BC4-8C9F-7C668FDDD63B}.Release|Any CPU.ActiveCfg = Release|Any CPU
		{E57144EB-1C84-4BC4-8C9F-7C668FDDD63B}.Release|Any CPU.Build.0 = Release|Any CPU
		{E57144EB-1C84-4BC4-8C9F-7C668FDDD63B}.Release|x64.ActiveCfg = Release|Any CPU
		{E57144EB-1C84-4BC4-8C9F-7C668FDDD63B}.Release|x64.Build.0 = Release|Any CPU
		{E57144EB-1C84-4BC4-8C9F-7C668FDDD63B}.Release|x86.ActiveCfg = Release|Any CPU
		{E57144EB-1C84-4BC4-8C9F-7C668FDDD63B}.Release|x86.Build.0 = Release|Any CPU
		{5B70EE5E-8C6E-46F5-A38C-CD037C1C29E8}.Debug|Any CPU.ActiveCfg = Debug|Any CPU
		{5B70EE5E-8C6E-46F5-A38C-CD037C1C29E8}.Debug|Any CPU.Build.0 = Debug|Any CPU
		{5B70EE5E-8C6E-46F5-A38C-CD037C1C29E8}.Debug|x64.ActiveCfg = Debug|Any CPU
		{5B70EE5E-8C6E-46F5-A38C-CD037C1C29E8}.Debug|x64.Build.0 = Debug|Any CPU
		{5B70EE5E-8C6E-46F5-A38C-CD037C1C29E8}.Debug|x86.ActiveCfg = Debug|Any CPU
		{5B70EE5E-8C6E-46F5-A38C-CD037C1C29E8}.Debug|x86.Build.0 = Debug|Any CPU
		{5B70EE5E-8C6E-46F5-A38C-CD037C1C29E8}.Release|Any CPU.ActiveCfg = Release|Any CPU
		{5B70EE5E-8C6E-46F5-A38C-CD037C1C29E8}.Release|Any CPU.Build.0 = Release|Any CPU
		{5B70EE5E-8C6E-46F5-A38C-CD037C1C29E8}.Release|x64.ActiveCfg = Release|Any CPU
		{5B70EE5E-8C6E-46F5-A38C-CD037C1C29E8}.Release|x64.Build.0 = Release|Any CPU
		{5B70EE5E-8C6E-46F5-A38C-CD037C1C29E8}.Release|x86.ActiveCfg = Release|Any CPU
		{5B70EE5E-8C6E-46F5-A38C-CD037C1C29E8}.Release|x86.Build.0 = Release|Any CPU
		{905AAC83-EF87-43A9-BC1F-9374E1261148}.Debug|Any CPU.ActiveCfg = Debug|Any CPU
		{905AAC83-EF87-43A9-BC1F-9374E1261148}.Debug|Any CPU.Build.0 = Debug|Any CPU
		{905AAC83-EF87-43A9-BC1F-9374E1261148}.Debug|x64.ActiveCfg = Debug|Any CPU
		{905AAC83-EF87-43A9-BC1F-9374E1261148}.Debug|x64.Build.0 = Debug|Any CPU
		{905AAC83-EF87-43A9-BC1F-9374E1261148}.Debug|x86.ActiveCfg = Debug|Any CPU
		{905AAC83-EF87-43A9-BC1F-9374E1261148}.Debug|x86.Build.0 = Debug|Any CPU
		{905AAC83-EF87-43A9-BC1F-9374E1261148}.Release|Any CPU.ActiveCfg = Release|Any CPU
		{905AAC83-EF87-43A9-BC1F-9374E1261148}.Release|Any CPU.Build.0 = Release|Any CPU
		{905AAC83-EF87-43A9-BC1F-9374E1261148}.Release|x64.ActiveCfg = Release|Any CPU
		{905AAC83-EF87-43A9-BC1F-9374E1261148}.Release|x64.Build.0 = Release|Any CPU
		{905AAC83-EF87-43A9-BC1F-9374E1261148}.Release|x86.ActiveCfg = Release|Any CPU
		{905AAC83-EF87-43A9-BC1F-9374E1261148}.Release|x86.Build.0 = Release|Any CPU
		{E4DFDDB8-E098-44FA-AED4-11AEBC27A498}.Debug|Any CPU.ActiveCfg = Debug|Any CPU
		{E4DFDDB8-E098-44FA-AED4-11AEBC27A498}.Debug|Any CPU.Build.0 = Debug|Any CPU
		{E4DFDDB8-E098-44FA-AED4-11AEBC27A498}.Debug|x64.ActiveCfg = Debug|Any CPU
		{E4DFDDB8-E098-44FA-AED4-11AEBC27A498}.Debug|x64.Build.0 = Debug|Any CPU
		{E4DFDDB8-E098-44FA-AED4-11AEBC27A498}.Debug|x86.ActiveCfg = Debug|Any CPU
		{E4DFDDB8-E098-44FA-AED4-11AEBC27A498}.Debug|x86.Build.0 = Debug|Any CPU
		{E4DFDDB8-E098-44FA-AED4-11AEBC27A498}.Release|Any CPU.ActiveCfg = Release|Any CPU
		{E4DFDDB8-E098-44FA-AED4-11AEBC27A498}.Release|Any CPU.Build.0 = Release|Any CPU
		{E4DFDDB8-E098-44FA-AED4-11AEBC27A498}.Release|x64.ActiveCfg = Release|Any CPU
		{E4DFDDB8-E098-44FA-AED4-11AEBC27A498}.Release|x64.Build.0 = Release|Any CPU
		{E4DFDDB8-E098-44FA-AED4-11AEBC27A498}.Release|x86.ActiveCfg = Release|Any CPU
		{E4DFDDB8-E098-44FA-AED4-11AEBC27A498}.Release|x86.Build.0 = Release|Any CPU
		{452D0F63-35AD-442E-BC66-2EECA3CFB6AE}.Debug|Any CPU.ActiveCfg = Debug|Any CPU
		{452D0F63-35AD-442E-BC66-2EECA3CFB6AE}.Debug|Any CPU.Build.0 = Debug|Any CPU
		{452D0F63-35AD-442E-BC66-2EECA3CFB6AE}.Debug|x64.ActiveCfg = Debug|Any CPU
		{452D0F63-35AD-442E-BC66-2EECA3CFB6AE}.Debug|x64.Build.0 = Debug|Any CPU
		{452D0F63-35AD-442E-BC66-2EECA3CFB6AE}.Debug|x86.ActiveCfg = Debug|Any CPU
		{452D0F63-35AD-442E-BC66-2EECA3CFB6AE}.Debug|x86.Build.0 = Debug|Any CPU
		{452D0F63-35AD-442E-BC66-2EECA3CFB6AE}.Release|Any CPU.ActiveCfg = Release|Any CPU
		{452D0F63-35AD-442E-BC66-2EECA3CFB6AE}.Release|Any CPU.Build.0 = Release|Any CPU
		{452D0F63-35AD-442E-BC66-2EECA3CFB6AE}.Release|x64.ActiveCfg = Release|Any CPU
		{452D0F63-35AD-442E-BC66-2EECA3CFB6AE}.Release|x64.Build.0 = Release|Any CPU
		{452D0F63-35AD-442E-BC66-2EECA3CFB6AE}.Release|x86.ActiveCfg = Release|Any CPU
		{452D0F63-35AD-442E-BC66-2EECA3CFB6AE}.Release|x86.Build.0 = Release|Any CPU
		{0C35D51C-234A-4CCE-A868-77060A805C2A}.Debug|Any CPU.ActiveCfg = Debug|Any CPU
		{0C35D51C-234A-4CCE-A868-77060A805C2A}.Debug|Any CPU.Build.0 = Debug|Any CPU
		{0C35D51C-234A-4CCE-A868-77060A805C2A}.Debug|x64.ActiveCfg = Debug|Any CPU
		{0C35D51C-234A-4CCE-A868-77060A805C2A}.Debug|x64.Build.0 = Debug|Any CPU
		{0C35D51C-234A-4CCE-A868-77060A805C2A}.Debug|x86.ActiveCfg = Debug|Any CPU
		{0C35D51C-234A-4CCE-A868-77060A805C2A}.Debug|x86.Build.0 = Debug|Any CPU
		{0C35D51C-234A-4CCE-A868-77060A805C2A}.Release|Any CPU.ActiveCfg = Release|Any CPU
		{0C35D51C-234A-4CCE-A868-77060A805C2A}.Release|Any CPU.Build.0 = Release|Any CPU
		{0C35D51C-234A-4CCE-A868-77060A805C2A}.Release|x64.ActiveCfg = Release|Any CPU
		{0C35D51C-234A-4CCE-A868-77060A805C2A}.Release|x64.Build.0 = Release|Any CPU
		{0C35D51C-234A-4CCE-A868-77060A805C2A}.Release|x86.ActiveCfg = Release|Any CPU
		{0C35D51C-234A-4CCE-A868-77060A805C2A}.Release|x86.Build.0 = Release|Any CPU
		{B41A2FB1-9CB5-47DE-A5AB-FCB9922DD3A5}.Debug|Any CPU.ActiveCfg = Debug|Any CPU
		{B41A2FB1-9CB5-47DE-A5AB-FCB9922DD3A5}.Debug|Any CPU.Build.0 = Debug|Any CPU
		{B41A2FB1-9CB5-47DE-A5AB-FCB9922DD3A5}.Debug|x64.ActiveCfg = Debug|Any CPU
		{B41A2FB1-9CB5-47DE-A5AB-FCB9922DD3A5}.Debug|x64.Build.0 = Debug|Any CPU
		{B41A2FB1-9CB5-47DE-A5AB-FCB9922DD3A5}.Debug|x86.ActiveCfg = Debug|Any CPU
		{B41A2FB1-9CB5-47DE-A5AB-FCB9922DD3A5}.Debug|x86.Build.0 = Debug|Any CPU
		{B41A2FB1-9CB5-47DE-A5AB-FCB9922DD3A5}.Release|Any CPU.ActiveCfg = Release|Any CPU
		{B41A2FB1-9CB5-47DE-A5AB-FCB9922DD3A5}.Release|Any CPU.Build.0 = Release|Any CPU
		{B41A2FB1-9CB5-47DE-A5AB-FCB9922DD3A5}.Release|x64.ActiveCfg = Release|Any CPU
		{B41A2FB1-9CB5-47DE-A5AB-FCB9922DD3A5}.Release|x64.Build.0 = Release|Any CPU
		{B41A2FB1-9CB5-47DE-A5AB-FCB9922DD3A5}.Release|x86.ActiveCfg = Release|Any CPU
		{B41A2FB1-9CB5-47DE-A5AB-FCB9922DD3A5}.Release|x86.Build.0 = Release|Any CPU
		{0FA49A48-5D4B-4F01-86DC-E8A90EFF7D83}.Debug|Any CPU.ActiveCfg = Debug|Any CPU
		{0FA49A48-5D4B-4F01-86DC-E8A90EFF7D83}.Debug|Any CPU.Build.0 = Debug|Any CPU
		{0FA49A48-5D4B-4F01-86DC-E8A90EFF7D83}.Debug|x64.ActiveCfg = Debug|Any CPU
		{0FA49A48-5D4B-4F01-86DC-E8A90EFF7D83}.Debug|x64.Build.0 = Debug|Any CPU
		{0FA49A48-5D4B-4F01-86DC-E8A90EFF7D83}.Debug|x86.ActiveCfg = Debug|Any CPU
		{0FA49A48-5D4B-4F01-86DC-E8A90EFF7D83}.Debug|x86.Build.0 = Debug|Any CPU
		{0FA49A48-5D4B-4F01-86DC-E8A90EFF7D83}.Release|Any CPU.ActiveCfg = Release|Any CPU
		{0FA49A48-5D4B-4F01-86DC-E8A90EFF7D83}.Release|Any CPU.Build.0 = Release|Any CPU
		{0FA49A48-5D4B-4F01-86DC-E8A90EFF7D83}.Release|x64.ActiveCfg = Release|Any CPU
		{0FA49A48-5D4B-4F01-86DC-E8A90EFF7D83}.Release|x64.Build.0 = Release|Any CPU
		{0FA49A48-5D4B-4F01-86DC-E8A90EFF7D83}.Release|x86.ActiveCfg = Release|Any CPU
		{0FA49A48-5D4B-4F01-86DC-E8A90EFF7D83}.Release|x86.Build.0 = Release|Any CPU
		{2CD98AA1-0E79-49BE-9ABB-1D3E37981D3B}.Debug|Any CPU.ActiveCfg = Debug|Any CPU
		{2CD98AA1-0E79-49BE-9ABB-1D3E37981D3B}.Debug|Any CPU.Build.0 = Debug|Any CPU
		{2CD98AA1-0E79-49BE-9ABB-1D3E37981D3B}.Debug|x64.ActiveCfg = Debug|Any CPU
		{2CD98AA1-0E79-49BE-9ABB-1D3E37981D3B}.Debug|x64.Build.0 = Debug|Any CPU
		{2CD98AA1-0E79-49BE-9ABB-1D3E37981D3B}.Debug|x86.ActiveCfg = Debug|Any CPU
		{2CD98AA1-0E79-49BE-9ABB-1D3E37981D3B}.Debug|x86.Build.0 = Debug|Any CPU
		{2CD98AA1-0E79-49BE-9ABB-1D3E37981D3B}.Release|Any CPU.ActiveCfg = Release|Any CPU
		{2CD98AA1-0E79-49BE-9ABB-1D3E37981D3B}.Release|Any CPU.Build.0 = Release|Any CPU
		{2CD98AA1-0E79-49BE-9ABB-1D3E37981D3B}.Release|x64.ActiveCfg = Release|Any CPU
		{2CD98AA1-0E79-49BE-9ABB-1D3E37981D3B}.Release|x64.Build.0 = Release|Any CPU
		{2CD98AA1-0E79-49BE-9ABB-1D3E37981D3B}.Release|x86.ActiveCfg = Release|Any CPU
		{2CD98AA1-0E79-49BE-9ABB-1D3E37981D3B}.Release|x86.Build.0 = Release|Any CPU
		{5CC2B4EE-9C86-48E0-BA50-54F70419DD30}.Debug|Any CPU.ActiveCfg = Debug|Any CPU
		{5CC2B4EE-9C86-48E0-BA50-54F70419DD30}.Debug|Any CPU.Build.0 = Debug|Any CPU
		{5CC2B4EE-9C86-48E0-BA50-54F70419DD30}.Debug|x64.ActiveCfg = Debug|Any CPU
		{5CC2B4EE-9C86-48E0-BA50-54F70419DD30}.Debug|x64.Build.0 = Debug|Any CPU
		{5CC2B4EE-9C86-48E0-BA50-54F70419DD30}.Debug|x86.ActiveCfg = Debug|Any CPU
		{5CC2B4EE-9C86-48E0-BA50-54F70419DD30}.Debug|x86.Build.0 = Debug|Any CPU
		{5CC2B4EE-9C86-48E0-BA50-54F70419DD30}.Release|Any CPU.ActiveCfg = Release|Any CPU
		{5CC2B4EE-9C86-48E0-BA50-54F70419DD30}.Release|Any CPU.Build.0 = Release|Any CPU
		{5CC2B4EE-9C86-48E0-BA50-54F70419DD30}.Release|x64.ActiveCfg = Release|Any CPU
		{5CC2B4EE-9C86-48E0-BA50-54F70419DD30}.Release|x64.Build.0 = Release|Any CPU
		{5CC2B4EE-9C86-48E0-BA50-54F70419DD30}.Release|x86.ActiveCfg = Release|Any CPU
		{5CC2B4EE-9C86-48E0-BA50-54F70419DD30}.Release|x86.Build.0 = Release|Any CPU
		{54BCC520-9C84-463F-A1C2-E8002B3E9B41}.Debug|Any CPU.ActiveCfg = Debug|Any CPU
		{54BCC520-9C84-463F-A1C2-E8002B3E9B41}.Debug|Any CPU.Build.0 = Debug|Any CPU
		{54BCC520-9C84-463F-A1C2-E8002B3E9B41}.Debug|x64.ActiveCfg = Debug|Any CPU
		{54BCC520-9C84-463F-A1C2-E8002B3E9B41}.Debug|x64.Build.0 = Debug|Any CPU
		{54BCC520-9C84-463F-A1C2-E8002B3E9B41}.Debug|x86.ActiveCfg = Debug|Any CPU
		{54BCC520-9C84-463F-A1C2-E8002B3E9B41}.Debug|x86.Build.0 = Debug|Any CPU
		{54BCC520-9C84-463F-A1C2-E8002B3E9B41}.Release|Any CPU.ActiveCfg = Release|Any CPU
		{54BCC520-9C84-463F-A1C2-E8002B3E9B41}.Release|Any CPU.Build.0 = Release|Any CPU
		{54BCC520-9C84-463F-A1C2-E8002B3E9B41}.Release|x64.ActiveCfg = Release|Any CPU
		{54BCC520-9C84-463F-A1C2-E8002B3E9B41}.Release|x64.Build.0 = Release|Any CPU
		{54BCC520-9C84-463F-A1C2-E8002B3E9B41}.Release|x86.ActiveCfg = Release|Any CPU
		{54BCC520-9C84-463F-A1C2-E8002B3E9B41}.Release|x86.Build.0 = Release|Any CPU
		{76DF25F4-804A-478C-98F0-028BEB1BB486}.Debug|Any CPU.ActiveCfg = Debug|Any CPU
		{76DF25F4-804A-478C-98F0-028BEB1BB486}.Debug|Any CPU.Build.0 = Debug|Any CPU
		{76DF25F4-804A-478C-98F0-028BEB1BB486}.Debug|x64.ActiveCfg = Debug|Any CPU
		{76DF25F4-804A-478C-98F0-028BEB1BB486}.Debug|x64.Build.0 = Debug|Any CPU
		{76DF25F4-804A-478C-98F0-028BEB1BB486}.Debug|x86.ActiveCfg = Debug|Any CPU
		{76DF25F4-804A-478C-98F0-028BEB1BB486}.Debug|x86.Build.0 = Debug|Any CPU
		{76DF25F4-804A-478C-98F0-028BEB1BB486}.Release|Any CPU.ActiveCfg = Release|Any CPU
		{76DF25F4-804A-478C-98F0-028BEB1BB486}.Release|Any CPU.Build.0 = Release|Any CPU
		{76DF25F4-804A-478C-98F0-028BEB1BB486}.Release|x64.ActiveCfg = Release|Any CPU
		{76DF25F4-804A-478C-98F0-028BEB1BB486}.Release|x64.Build.0 = Release|Any CPU
		{76DF25F4-804A-478C-98F0-028BEB1BB486}.Release|x86.ActiveCfg = Release|Any CPU
		{76DF25F4-804A-478C-98F0-028BEB1BB486}.Release|x86.Build.0 = Release|Any CPU
		{D3B019C2-CA0B-4371-8A11-982B85797797}.Debug|Any CPU.ActiveCfg = Debug|Any CPU
		{D3B019C2-CA0B-4371-8A11-982B85797797}.Debug|Any CPU.Build.0 = Debug|Any CPU
		{D3B019C2-CA0B-4371-8A11-982B85797797}.Debug|x64.ActiveCfg = Debug|Any CPU
		{D3B019C2-CA0B-4371-8A11-982B85797797}.Debug|x64.Build.0 = Debug|Any CPU
		{D3B019C2-CA0B-4371-8A11-982B85797797}.Debug|x86.ActiveCfg = Debug|Any CPU
		{D3B019C2-CA0B-4371-8A11-982B85797797}.Debug|x86.Build.0 = Debug|Any CPU
		{D3B019C2-CA0B-4371-8A11-982B85797797}.Release|Any CPU.ActiveCfg = Release|Any CPU
		{D3B019C2-CA0B-4371-8A11-982B85797797}.Release|Any CPU.Build.0 = Release|Any CPU
		{D3B019C2-CA0B-4371-8A11-982B85797797}.Release|x64.ActiveCfg = Release|Any CPU
		{D3B019C2-CA0B-4371-8A11-982B85797797}.Release|x64.Build.0 = Release|Any CPU
		{D3B019C2-CA0B-4371-8A11-982B85797797}.Release|x86.ActiveCfg = Release|Any CPU
		{D3B019C2-CA0B-4371-8A11-982B85797797}.Release|x86.Build.0 = Release|Any CPU
		{588F34B0-CEC0-4F73-91AC-B9496829BF90}.Debug|Any CPU.ActiveCfg = Debug|Any CPU
		{588F34B0-CEC0-4F73-91AC-B9496829BF90}.Debug|Any CPU.Build.0 = Debug|Any CPU
		{588F34B0-CEC0-4F73-91AC-B9496829BF90}.Debug|x64.ActiveCfg = Debug|Any CPU
		{588F34B0-CEC0-4F73-91AC-B9496829BF90}.Debug|x64.Build.0 = Debug|Any CPU
		{588F34B0-CEC0-4F73-91AC-B9496829BF90}.Debug|x86.ActiveCfg = Debug|Any CPU
		{588F34B0-CEC0-4F73-91AC-B9496829BF90}.Debug|x86.Build.0 = Debug|Any CPU
		{588F34B0-CEC0-4F73-91AC-B9496829BF90}.Release|Any CPU.ActiveCfg = Release|Any CPU
		{588F34B0-CEC0-4F73-91AC-B9496829BF90}.Release|Any CPU.Build.0 = Release|Any CPU
		{588F34B0-CEC0-4F73-91AC-B9496829BF90}.Release|x64.ActiveCfg = Release|Any CPU
		{588F34B0-CEC0-4F73-91AC-B9496829BF90}.Release|x64.Build.0 = Release|Any CPU
		{588F34B0-CEC0-4F73-91AC-B9496829BF90}.Release|x86.ActiveCfg = Release|Any CPU
		{588F34B0-CEC0-4F73-91AC-B9496829BF90}.Release|x86.Build.0 = Release|Any CPU
		{2841B3AA-1B80-45F5-AC54-57715096CBC7}.Debug|Any CPU.ActiveCfg = Debug|Any CPU
		{2841B3AA-1B80-45F5-AC54-57715096CBC7}.Debug|Any CPU.Build.0 = Debug|Any CPU
		{2841B3AA-1B80-45F5-AC54-57715096CBC7}.Debug|x64.ActiveCfg = Debug|Any CPU
		{2841B3AA-1B80-45F5-AC54-57715096CBC7}.Debug|x64.Build.0 = Debug|Any CPU
		{2841B3AA-1B80-45F5-AC54-57715096CBC7}.Debug|x86.ActiveCfg = Debug|Any CPU
		{2841B3AA-1B80-45F5-AC54-57715096CBC7}.Debug|x86.Build.0 = Debug|Any CPU
		{2841B3AA-1B80-45F5-AC54-57715096CBC7}.Release|Any CPU.ActiveCfg = Release|Any CPU
		{2841B3AA-1B80-45F5-AC54-57715096CBC7}.Release|Any CPU.Build.0 = Release|Any CPU
		{2841B3AA-1B80-45F5-AC54-57715096CBC7}.Release|x64.ActiveCfg = Release|Any CPU
		{2841B3AA-1B80-45F5-AC54-57715096CBC7}.Release|x64.Build.0 = Release|Any CPU
		{2841B3AA-1B80-45F5-AC54-57715096CBC7}.Release|x86.ActiveCfg = Release|Any CPU
		{2841B3AA-1B80-45F5-AC54-57715096CBC7}.Release|x86.Build.0 = Release|Any CPU
	EndGlobalSection
	GlobalSection(SolutionProperties) = preSolution
		HideSolutionNode = FALSE
	EndGlobalSection
	GlobalSection(NestedProjects) = preSolution
		{E57144EB-1C84-4BC4-8C9F-7C668FDDD63B} = {827E0CD3-B72D-47B6-A68D-7590B98EB39B}
		{1EEA401B-D0AE-72D7-A154-59C37B156987} = {827E0CD3-B72D-47B6-A68D-7590B98EB39B}
		{97C08C15-9E4E-B314-6F98-DFE964B72BBD} = {1EEA401B-D0AE-72D7-A154-59C37B156987}
		{5B70EE5E-8C6E-46F5-A38C-CD037C1C29E8} = {97C08C15-9E4E-B314-6F98-DFE964B72BBD}
		{DD561B17-F145-23B6-4044-3D8E4B591108} = {1EEA401B-D0AE-72D7-A154-59C37B156987}
		{905AAC83-EF87-43A9-BC1F-9374E1261148} = {DD561B17-F145-23B6-4044-3D8E4B591108}
		{A596A849-1E05-8F06-7CCA-B5676105A177} = {1EEA401B-D0AE-72D7-A154-59C37B156987}
		{E4DFDDB8-E098-44FA-AED4-11AEBC27A498} = {A596A849-1E05-8F06-7CCA-B5676105A177}
		{E03163F1-68AF-A645-CE1A-8269787AE110} = {827E0CD3-B72D-47B6-A68D-7590B98EB39B}
		{D402BBA6-6AE4-BC6E-9141-76ACD25C970B} = {E03163F1-68AF-A645-CE1A-8269787AE110}
		{452D0F63-35AD-442E-BC66-2EECA3CFB6AE} = {D402BBA6-6AE4-BC6E-9141-76ACD25C970B}
		{D9697B4D-00C5-3F5A-7945-A55192247C66} = {E03163F1-68AF-A645-CE1A-8269787AE110}
		{0C35D51C-234A-4CCE-A868-77060A805C2A} = {D9697B4D-00C5-3F5A-7945-A55192247C66}
		{5110B40D-7661-4E0C-5689-3BE55D88CDBA} = {E03163F1-68AF-A645-CE1A-8269787AE110}
		{B41A2FB1-9CB5-47DE-A5AB-FCB9922DD3A5} = {5110B40D-7661-4E0C-5689-3BE55D88CDBA}
		{5CF9D108-3CE2-D575-3805-9FB03209CE1B} = {827E0CD3-B72D-47B6-A68D-7590B98EB39B}
		{8605388B-18BC-5697-9431-06D23CDB1A3B} = {5CF9D108-3CE2-D575-3805-9FB03209CE1B}
		{0FA49A48-5D4B-4F01-86DC-E8A90EFF7D83} = {8605388B-18BC-5697-9431-06D23CDB1A3B}
		{4EA47C48-8DBA-D6F6-6908-6CA4166F2889} = {5CF9D108-3CE2-D575-3805-9FB03209CE1B}
		{2CD98AA1-0E79-49BE-9ABB-1D3E37981D3B} = {4EA47C48-8DBA-D6F6-6908-6CA4166F2889}
		{F7ACFFBD-9FFB-D650-910B-C7724604B69A} = {5CF9D108-3CE2-D575-3805-9FB03209CE1B}
		{5CC2B4EE-9C86-48E0-BA50-54F70419DD30} = {F7ACFFBD-9FFB-D650-910B-C7724604B69A}
		{54BCC520-9C84-463F-A1C2-E8002B3E9B41} = {827E0CD3-B72D-47B6-A68D-7590B98EB39B}
		{76DF25F4-804A-478C-98F0-028BEB1BB486} = {0AB3BF05-4346-4AA6-1389-037BE0695223}
		{D3B019C2-CA0B-4371-8A11-982B85797797} = {0AB3BF05-4346-4AA6-1389-037BE0695223}
		{588F34B0-CEC0-4F73-91AC-B9496829BF90} = {0AB3BF05-4346-4AA6-1389-037BE0695223}
		{2841B3AA-1B80-45F5-AC54-57715096CBC7} = {0AB3BF05-4346-4AA6-1389-037BE0695223}
	EndGlobalSection
EndGlobal
