
Microsoft Visual Studio Solution File, Format Version 12.00
# Visual Studio Version 17
VisualStudioVersion = 17.0.31903.59
MinimumVisualStudioVersion = 10.0.40219.1
Project("{2150E333-8FDC-42A3-9474-1A3956D46DE8}") = "src", "src", "{827E0CD3-B72D-47B6-A68D-7590B98EB39B}"
EndProject
Project("{FAE04EC0-301F-11D3-BF4B-00C04F79EFBC}") = "Domain", "src\Domain\Domain.csproj", "{8E3244E6-3155-4E3A-81B0-AC1984638579}"
EndProject
Project("{FAE04EC0-301F-11D3-BF4B-00C04F79EFBC}") = "Application", "src\Application\Application.csproj", "{570149B1-9EB6-4EFA-96F7-E43DD2899A67}"
EndProject
Project("{FAE04EC0-301F-11D3-BF4B-00C04F79EFBC}") = "Infrastructure", "src\Infrastructure\Infrastructure.csproj", "{4E52FAC7-2ED1-40F6-A003-7F2DAAA0E2CF}"
EndProject
Project("{FAE04EC0-301F-11D3-BF4B-00C04F79EFBC}") = "WebApi", "src\WebApi\WebApi.csproj", "{F6A9A547-339D-40AE-9DD8-4063D6EE1687}"
EndProject
Project("{2150E333-8FDC-42A3-9474-1A3956D46DE8}") = "tests", "tests", "{0AB3BF05-4346-4AA6-1389-037BE0695223}"
EndProject
Project("{FAE04EC0-301F-11D3-BF4B-00C04F79EFBC}") = "Domain.UnitTests", "tests\Domain.UnitTests\Domain.UnitTests.csproj", "{27DA4143-36C9-487C-B1C3-A30EF29E94E3}"
EndProject
Project("{FAE04EC0-301F-11D3-BF4B-00C04F79EFBC}") = "Application.UnitTests", "tests\Application.UnitTests\Application.UnitTests.csproj", "{CBE3FC77-043D-49DE-8969-E46544C7BE76}"
EndProject
Project("{FAE04EC0-301F-11D3-BF4B-00C04F79EFBC}") = "WebApi.IntegrationTests", "tests\WebApi.IntegrationTests\WebApi.IntegrationTests.csproj", "{3F87206F-C0B5-4C5D-B298-2C42B1D8DDBF}"
EndProject
Global
	GlobalSection(SolutionConfigurationPlatforms) = preSolution
		Debug|Any CPU = Debug|Any CPU
		Debug|x64 = Debug|x64
		Debug|x86 = Debug|x86
		Release|Any CPU = Release|Any CPU
		Release|x64 = Release|x64
		Release|x86 = Release|x86
	EndGlobalSection
	GlobalSection(ProjectConfigurationPlatforms) = postSolution
		{8E3244E6-3155-4E3A-81B0-AC1984638579}.Debug|Any CPU.ActiveCfg = Debug|Any CPU
		{8E3244E6-3155-4E3A-81B0-AC1984638579}.Debug|Any CPU.Build.0 = Debug|Any CPU
		{8E3244E6-3155-4E3A-81B0-AC1984638579}.Debug|x64.ActiveCfg = Debug|Any CPU
		{8E3244E6-3155-4E3A-81B0-AC1984638579}.Debug|x64.Build.0 = Debug|Any CPU
		{8E3244E6-3155-4E3A-81B0-AC1984638579}.Debug|x86.ActiveCfg = Debug|Any CPU
		{8E3244E6-3155-4E3A-81B0-AC1984638579}.Debug|x86.Build.0 = Debug|Any CPU
		{8E3244E6-3155-4E3A-81B0-AC1984638579}.Release|Any CPU.ActiveCfg = Release|Any CPU
		{8E3244E6-3155-4E3A-81B0-AC1984638579}.Release|Any CPU.Build.0 = Release|Any CPU
		{8E3244E6-3155-4E3A-81B0-AC1984638579}.Release|x64.ActiveCfg = Release|Any CPU
		{8E3244E6-3155-4E3A-81B0-AC1984638579}.Release|x64.Build.0 = Release|Any CPU
		{8E3244E6-3155-4E3A-81B0-AC1984638579}.Release|x86.ActiveCfg = Release|Any CPU
		{8E3244E6-3155-4E3A-81B0-AC1984638579}.Release|x86.Build.0 = Release|Any CPU
		{570149B1-9EB6-4EFA-96F7-E43DD2899A67}.Debug|Any CPU.ActiveCfg = Debug|Any CPU
		{570149B1-9EB6-4EFA-96F7-E43DD2899A67}.Debug|Any CPU.Build.0 = Debug|Any CPU
		{570149B1-9EB6-4EFA-96F7-E43DD2899A67}.Debug|x64.ActiveCfg = Debug|Any CPU
		{570149B1-9EB6-4EFA-96F7-E43DD2899A67}.Debug|x64.Build.0 = Debug|Any CPU
		{570149B1-9EB6-4EFA-96F7-E43DD2899A67}.Debug|x86.ActiveCfg = Debug|Any CPU
		{570149B1-9EB6-4EFA-96F7-E43DD2899A67}.Debug|x86.Build.0 = Debug|Any CPU
		{570149B1-9EB6-4EFA-96F7-E43DD2899A67}.Release|Any CPU.ActiveCfg = Release|Any CPU
		{570149B1-9EB6-4EFA-96F7-E43DD2899A67}.Release|Any CPU.Build.0 = Release|Any CPU
		{570149B1-9EB6-4EFA-96F7-E43DD2899A67}.Release|x64.ActiveCfg = Release|Any CPU
		{570149B1-9EB6-4EFA-96F7-E43DD2899A67}.Release|x64.Build.0 = Release|Any CPU
		{570149B1-9EB6-4EFA-96F7-E43DD2899A67}.Release|x86.ActiveCfg = Release|Any CPU
		{570149B1-9EB6-4EFA-96F7-E43DD2899A67}.Release|x86.Build.0 = Release|Any CPU
		{4E52FAC7-2ED1-40F6-A003-7F2DAAA0E2CF}.Debug|Any CPU.ActiveCfg = Debug|Any CPU
		{4E52FAC7-2ED1-40F6-A003-7F2DAAA0E2CF}.Debug|Any CPU.Build.0 = Debug|Any CPU
		{4E52FAC7-2ED1-40F6-A003-7F2DAAA0E2CF}.Debug|x64.ActiveCfg = Debug|Any CPU
		{4E52FAC7-2ED1-40F6-A003-7F2DAAA0E2CF}.Debug|x64.Build.0 = Debug|Any CPU
		{4E52FAC7-2ED1-40F6-A003-7F2DAAA0E2CF}.Debug|x86.ActiveCfg = Debug|Any CPU
		{4E52FAC7-2ED1-40F6-A003-7F2DAAA0E2CF}.Debug|x86.Build.0 = Debug|Any CPU
		{4E52FAC7-2ED1-40F6-A003-7F2DAAA0E2CF}.Release|Any CPU.ActiveCfg = Release|Any CPU
		{4E52FAC7-2ED1-40F6-A003-7F2DAAA0E2CF}.Release|Any CPU.Build.0 = Release|Any CPU
		{4E52FAC7-2ED1-40F6-A003-7F2DAAA0E2CF}.Release|x64.ActiveCfg = Release|Any CPU
		{4E52FAC7-2ED1-40F6-A003-7F2DAAA0E2CF}.Release|x64.Build.0 = Release|Any CPU
		{4E52FAC7-2ED1-40F6-A003-7F2DAAA0E2CF}.Release|x86.ActiveCfg = Release|Any CPU
		{4E52FAC7-2ED1-40F6-A003-7F2DAAA0E2CF}.Release|x86.Build.0 = Release|Any CPU
		{F6A9A547-339D-40AE-9DD8-4063D6EE1687}.Debug|Any CPU.ActiveCfg = Debug|Any CPU
		{F6A9A547-339D-40AE-9DD8-4063D6EE1687}.Debug|Any CPU.Build.0 = Debug|Any CPU
		{F6A9A547-339D-40AE-9DD8-4063D6EE1687}.Debug|x64.ActiveCfg = Debug|Any CPU
		{F6A9A547-339D-40AE-9DD8-4063D6EE1687}.Debug|x64.Build.0 = Debug|Any CPU
		{F6A9A547-339D-40AE-9DD8-4063D6EE1687}.Debug|x86.ActiveCfg = Debug|Any CPU
		{F6A9A547-339D-40AE-9DD8-4063D6EE1687}.Debug|x86.Build.0 = Debug|Any CPU
		{F6A9A547-339D-40AE-9DD8-4063D6EE1687}.Release|Any CPU.ActiveCfg = Release|Any CPU
		{F6A9A547-339D-40AE-9DD8-4063D6EE1687}.Release|Any CPU.Build.0 = Release|Any CPU
		{F6A9A547-339D-40AE-9DD8-4063D6EE1687}.Release|x64.ActiveCfg = Release|Any CPU
		{F6A9A547-339D-40AE-9DD8-4063D6EE1687}.Release|x64.Build.0 = Release|Any CPU
		{F6A9A547-339D-40AE-9DD8-4063D6EE1687}.Release|x86.ActiveCfg = Release|Any CPU
		{F6A9A547-339D-40AE-9DD8-4063D6EE1687}.Release|x86.Build.0 = Release|Any CPU
		{27DA4143-36C9-487C-B1C3-A30EF29E94E3}.Debug|Any CPU.ActiveCfg = Debug|Any CPU
		{27DA4143-36C9-487C-B1C3-A30EF29E94E3}.Debug|Any CPU.Build.0 = Debug|Any CPU
		{27DA4143-36C9-487C-B1C3-A30EF29E94E3}.Debug|x64.ActiveCfg = Debug|Any CPU
		{27DA4143-36C9-487C-B1C3-A30EF29E94E3}.Debug|x64.Build.0 = Debug|Any CPU
		{27DA4143-36C9-487C-B1C3-A30EF29E94E3}.Debug|x86.ActiveCfg = Debug|Any CPU
		{27DA4143-36C9-487C-B1C3-A30EF29E94E3}.Debug|x86.Build.0 = Debug|Any CPU
		{27DA4143-36C9-487C-B1C3-A30EF29E94E3}.Release|Any CPU.ActiveCfg = Release|Any CPU
		{27DA4143-36C9-487C-B1C3-A30EF29E94E3}.Release|Any CPU.Build.0 = Release|Any CPU
		{27DA4143-36C9-487C-B1C3-A30EF29E94E3}.Release|x64.ActiveCfg = Release|Any CPU
		{27DA4143-36C9-487C-B1C3-A30EF29E94E3}.Release|x64.Build.0 = Release|Any CPU
		{27DA4143-36C9-487C-B1C3-A30EF29E94E3}.Release|x86.ActiveCfg = Release|Any CPU
		{27DA4143-36C9-487C-B1C3-A30EF29E94E3}.Release|x86.Build.0 = Release|Any CPU
		{CBE3FC77-043D-49DE-8969-E46544C7BE76}.Debug|Any CPU.ActiveCfg = Debug|Any CPU
		{CBE3FC77-043D-49DE-8969-E46544C7BE76}.Debug|Any CPU.Build.0 = Debug|Any CPU
		{CBE3FC77-043D-49DE-8969-E46544C7BE76}.Debug|x64.ActiveCfg = Debug|Any CPU
		{CBE3FC77-043D-49DE-8969-E46544C7BE76}.Debug|x64.Build.0 = Debug|Any CPU
		{CBE3FC77-043D-49DE-8969-E46544C7BE76}.Debug|x86.ActiveCfg = Debug|Any CPU
		{CBE3FC77-043D-49DE-8969-E46544C7BE76}.Debug|x86.Build.0 = Debug|Any CPU
		{CBE3FC77-043D-49DE-8969-E46544C7BE76}.Release|Any CPU.ActiveCfg = Release|Any CPU
		{CBE3FC77-043D-49DE-8969-E46544C7BE76}.Release|Any CPU.Build.0 = Release|Any CPU
		{CBE3FC77-043D-49DE-8969-E46544C7BE76}.Release|x64.ActiveCfg = Release|Any CPU
		{CBE3FC77-043D-49DE-8969-E46544C7BE76}.Release|x64.Build.0 = Release|Any CPU
		{CBE3FC77-043D-49DE-8969-E46544C7BE76}.Release|x86.ActiveCfg = Release|Any CPU
		{CBE3FC77-043D-49DE-8969-E46544C7BE76}.Release|x86.Build.0 = Release|Any CPU
		{3F87206F-C0B5-4C5D-B298-2C42B1D8DDBF}.Debug|Any CPU.ActiveCfg = Debug|Any CPU
		{3F87206F-C0B5-4C5D-B298-2C42B1D8DDBF}.Debug|Any CPU.Build.0 = Debug|Any CPU
		{3F87206F-C0B5-4C5D-B298-2C42B1D8DDBF}.Debug|x64.ActiveCfg = Debug|Any CPU
		{3F87206F-C0B5-4C5D-B298-2C42B1D8DDBF}.Debug|x64.Build.0 = Debug|Any CPU
		{3F87206F-C0B5-4C5D-B298-2C42B1D8DDBF}.Debug|x86.ActiveCfg = Debug|Any CPU
		{3F87206F-C0B5-4C5D-B298-2C42B1D8DDBF}.Debug|x86.Build.0 = Debug|Any CPU
		{3F87206F-C0B5-4C5D-B298-2C42B1D8DDBF}.Release|Any CPU.ActiveCfg = Release|Any CPU
		{3F87206F-C0B5-4C5D-B298-2C42B1D8DDBF}.Release|Any CPU.Build.0 = Release|Any CPU
		{3F87206F-C0B5-4C5D-B298-2C42B1D8DDBF}.Release|x64.ActiveCfg = Release|Any CPU
		{3F87206F-C0B5-4C5D-B298-2C42B1D8DDBF}.Release|x64.Build.0 = Release|Any CPU
		{3F87206F-C0B5-4C5D-B298-2C42B1D8DDBF}.Release|x86.ActiveCfg = Release|Any CPU
		{3F87206F-C0B5-4C5D-B298-2C42B1D8DDBF}.Release|x86.Build.0 = Release|Any CPU
	EndGlobalSection
	GlobalSection(SolutionProperties) = preSolution
		HideSolutionNode = FALSE
	EndGlobalSection
	GlobalSection(NestedProjects) = preSolution
		{8E3244E6-3155-4E3A-81B0-AC1984638579} = {827E0CD3-B72D-47B6-A68D-7590B98EB39B}
		{570149B1-9EB6-4EFA-96F7-E43DD2899A67} = {827E0CD3-B72D-47B6-A68D-7590B98EB39B}
		{4E52FAC7-2ED1-40F6-A003-7F2DAAA0E2CF} = {827E0CD3-B72D-47B6-A68D-7590B98EB39B}
		{F6A9A547-339D-40AE-9DD8-4063D6EE1687} = {827E0CD3-B72D-47B6-A68D-7590B98EB39B}
		{27DA4143-36C9-487C-B1C3-A30EF29E94E3} = {0AB3BF05-4346-4AA6-1389-037BE0695223}
		{CBE3FC77-043D-49DE-8969-E46544C7BE76} = {0AB3BF05-4346-4AA6-1389-037BE0695223}
		{3F87206F-C0B5-4C5D-B298-2C42B1D8DDBF} = {0AB3BF05-4346-4AA6-1389-037BE0695223}
	EndGlobalSection
EndGlobal
