
Microsoft Visual Studio Solution File, Format Version 12.00
# Visual Studio Version 17
VisualStudioVersion = 17.0.31903.59
MinimumVisualStudioVersion = 10.0.40219.1
Project("{2150E333-8FDC-42A3-9474-1A3956D46DE8}") = "src", "src", "{827E0CD3-B72D-47B6-A68D-7590B98EB39B}"
EndProject
Project("{2150E333-8FDC-42A3-9474-1A3956D46DE8}") = "BuildingBlocks", "BuildingBlocks", "{90298CBA-BD6F-3A0A-69D5-97CAD7B05E7E}"
EndProject
Project("{2150E333-8FDC-42A3-9474-1A3956D46DE8}") = "EventBus", "EventBus", "{4D909E3A-FE81-0AA7-4841-65E192C827E3}"
EndProject
Project("{2150E333-8FDC-42A3-9474-1A3956D46DE8}") = "Abstractions", "Abstractions", "{78D01CA0-F1E6-8755-E645-1C1D059F1E79}"
EndProject
Project("{FAE04EC0-301F-11D3-BF4B-00C04F79EFBC}") = "BuildingBlocks.EventBus.Abstractions", "src\BuildingBlocks\EventBus\Abstractions\BuildingBlocks.EventBus.Abstractions.csproj", "{FF48C9C1-C91D-4827-8138-C77FE895B6B6}"
EndProject
Project("{2150E333-8FDC-42A3-9474-1A3956D46DE8}") = "RabbitMQ", "RabbitMQ", "{40DECC1E-9B84-203E-D83F-7D973101D837}"
EndProject
Project("{FAE04EC0-301F-11D3-BF4B-00C04F79EFBC}") = "BuildingBlocks.EventBus.RabbitMQ", "src\BuildingBlocks\EventBus\RabbitMQ\BuildingBlocks.EventBus.RabbitMQ.csproj", "{47389B2B-DFA3-4638-B882-00D1C919CB12}"
EndProject
Project("{2150E333-8FDC-42A3-9474-1A3956D46DE8}") = "AzureServiceBus", "AzureServiceBus", "{ADCB7F26-B9E3-E604-B1EE-940B1E813F8F}"
EndProject
Project("{FAE04EC0-301F-11D3-BF4B-00C04F79EFBC}") = "BuildingBlocks.EventBus.AzureServiceBus", "src\BuildingBlocks\EventBus\AzureServiceBus\BuildingBlocks.EventBus.AzureServiceBus.csproj", "{02528F3C-7F03-4BE6-BE99-43033F93AEE6}"
EndProject
Project("{2150E333-8FDC-42A3-9474-1A3956D46DE8}") = "Common", "Common", "{F8284A3B-6172-4543-FC74-2C149A4C2E29}"
EndProject
Project("{FAE04EC0-301F-11D3-BF4B-00C04F79EFBC}") = "BuildingBlocks.Common", "src\BuildingBlocks\Common\BuildingBlocks.Common.csproj", "{14ADF1E8-7F0E-41BF-A4C9-A31BEA1AAEDC}"
EndProject
Project("{2150E333-8FDC-42A3-9474-1A3956D46DE8}") = "Services", "Services", "{984BB9B3-3FA3-BE33-9484-CAC21695A33C}"
EndProject
Project("{2150E333-8FDC-42A3-9474-1A3956D46DE8}") = "OrderService", "OrderService", "{F5625D22-DF6D-6E20-0384-6B2F7CAD8697}"
EndProject
Project("{2150E333-8FDC-42A3-9474-1A3956D46DE8}") = "Api", "Api", "{42A25F74-F5A9-DA73-4F2C-362E850BA683}"
EndProject
Project("{FAE04EC0-301F-11D3-BF4B-00C04F79EFBC}") = "OrderService.Api", "src\Services\OrderService\Api\OrderService.Api.csproj", "{F1263657-9B3A-482F-B1F7-28B18258F7B2}"
EndProject
Project("{2150E333-8FDC-42A3-9474-1A3956D46DE8}") = "Domain", "Domain", "{11DC1BD8-05D8-D1E8-CFEE-C93BB6BD26F1}"
EndProject
Project("{FAE04EC0-301F-11D3-BF4B-00C04F79EFBC}") = "OrderService.Domain", "src\Services\OrderService\Domain\OrderService.Domain.csproj", "{F200EE1F-020F-4D1C-BEB6-8E8469BC4044}"
EndProject
Project("{2150E333-8FDC-42A3-9474-1A3956D46DE8}") = "Application", "Application", "{EFEFE124-6165-D827-E493-FB1020A80E93}"
EndProject
Project("{FAE04EC0-301F-11D3-BF4B-00C04F79EFBC}") = "OrderService.Application", "src\Services\OrderService\Application\OrderService.Application.csproj", "{1CF5B367-4B25-44F4-817F-E9C2D9416569}"
EndProject
Project("{2150E333-8FDC-42A3-9474-1A3956D46DE8}") = "Infrastructure", "Infrastructure", "{49E61A2E-3FF8-9481-0647-AC6225566F9D}"
EndProject
Project("{FAE04EC0-301F-11D3-BF4B-00C04F79EFBC}") = "OrderService.Infrastructure", "src\Services\OrderService\Infrastructure\OrderService.Infrastructure.csproj", "{7A3E3A34-2614-4855-B075-561F5566ACD6}"
EndProject
Project("{2150E333-8FDC-42A3-9474-1A3956D46DE8}") = "PaymentService", "PaymentService", "{40CB294E-2A2C-AA7D-5466-10F40F0DAD4F}"
EndProject
Project("{2150E333-8FDC-42A3-9474-1A3956D46DE8}") = "Api", "Api", "{F974FCC0-A6F3-2B93-698C-553F775B77C0}"
EndProject
Project("{FAE04EC0-301F-11D3-BF4B-00C04F79EFBC}") = "PaymentService.Api", "src\Services\PaymentService\Api\PaymentService.Api.csproj", "{0B478F49-87AB-478A-88EE-B7F26A10C0C6}"
EndProject
Project("{2150E333-8FDC-42A3-9474-1A3956D46DE8}") = "Domain", "Domain", "{BF1A8772-579A-3153-83E2-EDD58A6E45D6}"
EndProject
Project("{FAE04EC0-301F-11D3-BF4B-00C04F79EFBC}") = "PaymentService.Domain", "src\Services\PaymentService\Domain\PaymentService.Domain.csproj", "{2B605612-5635-450C-BD75-C782342C1240}"
EndProject
Project("{2150E333-8FDC-42A3-9474-1A3956D46DE8}") = "Application", "Application", "{FCEFCF22-B631-20CF-157D-8D33F2416543}"
EndProject
Project("{FAE04EC0-301F-11D3-BF4B-00C04F79EFBC}") = "PaymentService.Application", "src\Services\PaymentService\Application\PaymentService.Application.csproj", "{FF09F625-6F53-47C2-A08A-8EA0CC2E274D}"
EndProject
Project("{2150E333-8FDC-42A3-9474-1A3956D46DE8}") = "Infrastructure", "Infrastructure", "{07CEB263-9C79-AA29-89E2-70D81389F4F0}"
EndProject
Project("{FAE04EC0-301F-11D3-BF4B-00C04F79EFBC}") = "PaymentService.Infrastructure", "src\Services\PaymentService\Infrastructure\PaymentService.Infrastructure.csproj", "{9DA15337-D990-4E51-955A-7189AF91CA61}"
EndProject
Project("{2150E333-8FDC-42A3-9474-1A3956D46DE8}") = "NotificationService", "NotificationService", "{47931FAB-DBE1-FD8F-0AFF-2CD4B99C52C4}"
EndProject
Project("{2150E333-8FDC-42A3-9474-1A3956D46DE8}") = "Worker", "Worker", "{765FF48B-A5C8-DFC1-0896-93B9227831AB}"
EndProject
Project("{FAE04EC0-301F-11D3-BF4B-00C04F79EFBC}") = "NotificationService.Worker", "src\Services\NotificationService\Worker\NotificationService.Worker.csproj", "{3E16B291-1906-4773-AF96-97984D3D81D1}"
EndProject
Project("{2150E333-8FDC-42A3-9474-1A3956D46DE8}") = "Application", "Application", "{1C80E3BB-008F-876E-714E-9924AFE837B4}"
EndProject
Project("{FAE04EC0-301F-11D3-BF4B-00C04F79EFBC}") = "NotificationService.Application", "src\Services\NotificationService\Application\NotificationService.Application.csproj", "{B0500972-E097-4982-8655-B5CCEE26E4DB}"
EndProject
Project("{2150E333-8FDC-42A3-9474-1A3956D46DE8}") = "Infrastructure", "Infrastructure", "{58425A84-E96B-2717-D201-A75138AE0207}"
EndProject
Project("{FAE04EC0-301F-11D3-BF4B-00C04F79EFBC}") = "NotificationService.Infrastructure", "src\Services\NotificationService\Infrastructure\NotificationService.Infrastructure.csproj", "{E508C561-F334-40DF-9017-59C4038CE181}"
EndProject
Project("{2150E333-8FDC-42A3-9474-1A3956D46DE8}") = "InventoryService", "InventoryService", "{2F82A921-F5AC-497D-C46A-64A82B34AE26}"
EndProject
Project("{2150E333-8FDC-42A3-9474-1A3956D46DE8}") = "Api", "Api", "{565E4123-D16E-3ECC-D43C-87C70247C771}"
EndProject
Project("{FAE04EC0-301F-11D3-BF4B-00C04F79EFBC}") = "InventoryService.Api", "src\Services\InventoryService\Api\InventoryService.Api.csproj", "{BBA7D2BA-09DA-4976-A6DC-64BFAAE8FC35}"
EndProject
Project("{2150E333-8FDC-42A3-9474-1A3956D46DE8}") = "Domain", "Domain", "{81B0D3AC-0736-62E9-C84F-0795559FE368}"
EndProject
Project("{FAE04EC0-301F-11D3-BF4B-00C04F79EFBC}") = "InventoryService.Domain", "src\Services\InventoryService\Domain\InventoryService.Domain.csproj", "{9CEFD0C7-343E-4377-B8D5-0692081CAA0E}"
EndProject
Project("{2150E333-8FDC-42A3-9474-1A3956D46DE8}") = "Application", "Application", "{FE39EF7F-C218-15B4-D7F8-3D2E29339B6B}"
EndProject
Project("{FAE04EC0-301F-11D3-BF4B-00C04F79EFBC}") = "InventoryService.Application", "src\Services\InventoryService\Application\InventoryService.Application.csproj", "{CB83D3F0-58B5-427E-8B6C-25B19CB4929B}"
EndProject
Project("{2150E333-8FDC-42A3-9474-1A3956D46DE8}") = "tests", "tests", "{0AB3BF05-4346-4AA6-1389-037BE0695223}"
EndProject
Project("{FAE04EC0-301F-11D3-BF4B-00C04F79EFBC}") = "OrderService.Tests", "tests\OrderService.Tests\OrderService.Tests.csproj", "{6951B3C0-4456-470C-81F2-122852635294}"
EndProject
Project("{FAE04EC0-301F-11D3-BF4B-00C04F79EFBC}") = "PaymentService.Tests", "tests\PaymentService.Tests\PaymentService.Tests.csproj", "{7D082D5B-DB15-4F1C-A475-90577C833A28}"
EndProject
Project("{FAE04EC0-301F-11D3-BF4B-00C04F79EFBC}") = "NotificationService.Tests", "tests\NotificationService.Tests\NotificationService.Tests.csproj", "{DED80EDA-D250-45D0-B5F1-18275ED198CA}"
EndProject
Global
	GlobalSection(SolutionConfigurationPlatforms) = preSolution
		Debug|Any CPU = Debug|Any CPU
		Debug|x64 = Debug|x64
		Debug|x86 = Debug|x86
		Release|Any CPU = Release|Any CPU
		Release|x64 = Release|x64
		Release|x86 = Release|x86
	EndGlobalSection
	GlobalSection(ProjectConfigurationPlatforms) = postSolution
		{FF48C9C1-C91D-4827-8138-C77FE895B6B6}.Debug|Any CPU.ActiveCfg = Debug|Any CPU
		{FF48C9C1-C91D-4827-8138-C77FE895B6B6}.Debug|Any CPU.Build.0 = Debug|Any CPU
		{FF48C9C1-C91D-4827-8138-C77FE895B6B6}.Debug|x64.ActiveCfg = Debug|Any CPU
		{FF48C9C1-C91D-4827-8138-C77FE895B6B6}.Debug|x64.Build.0 = Debug|Any CPU
		{FF48C9C1-C91D-4827-8138-C77FE895B6B6}.Debug|x86.ActiveCfg = Debug|Any CPU
		{FF48C9C1-C91D-4827-8138-C77FE895B6B6}.Debug|x86.Build.0 = Debug|Any CPU
		{FF48C9C1-C91D-4827-8138-C77FE895B6B6}.Release|Any CPU.ActiveCfg = Release|Any CPU
		{FF48C9C1-C91D-4827-8138-C77FE895B6B6}.Release|Any CPU.Build.0 = Release|Any CPU
		{FF48C9C1-C91D-4827-8138-C77FE895B6B6}.Release|x64.ActiveCfg = Release|Any CPU
		{FF48C9C1-C91D-4827-8138-C77FE895B6B6}.Release|x64.Build.0 = Release|Any CPU
		{FF48C9C1-C91D-4827-8138-C77FE895B6B6}.Release|x86.ActiveCfg = Release|Any CPU
		{FF48C9C1-C91D-4827-8138-C77FE895B6B6}.Release|x86.Build.0 = Release|Any CPU
		{47389B2B-DFA3-4638-B882-00D1C919CB12}.Debug|Any CPU.ActiveCfg = Debug|Any CPU
		{47389B2B-DFA3-4638-B882-00D1C919CB12}.Debug|Any CPU.Build.0 = Debug|Any CPU
		{47389B2B-DFA3-4638-B882-00D1C919CB12}.Debug|x64.ActiveCfg = Debug|Any CPU
		{47389B2B-DFA3-4638-B882-00D1C919CB12}.Debug|x64.Build.0 = Debug|Any CPU
		{47389B2B-DFA3-4638-B882-00D1C919CB12}.Debug|x86.ActiveCfg = Debug|Any CPU
		{47389B2B-DFA3-4638-B882-00D1C919CB12}.Debug|x86.Build.0 = Debug|Any CPU
		{47389B2B-DFA3-4638-B882-00D1C919CB12}.Release|Any CPU.ActiveCfg = Release|Any CPU
		{47389B2B-DFA3-4638-B882-00D1C919CB12}.Release|Any CPU.Build.0 = Release|Any CPU
		{47389B2B-DFA3-4638-B882-00D1C919CB12}.Release|x64.ActiveCfg = Release|Any CPU
		{47389B2B-DFA3-4638-B882-00D1C919CB12}.Release|x64.Build.0 = Release|Any CPU
		{47389B2B-DFA3-4638-B882-00D1C919CB12}.Release|x86.ActiveCfg = Release|Any CPU
		{47389B2B-DFA3-4638-B882-00D1C919CB12}.Release|x86.Build.0 = Release|Any CPU
		{02528F3C-7F03-4BE6-BE99-43033F93AEE6}.Debug|Any CPU.ActiveCfg = Debug|Any CPU
		{02528F3C-7F03-4BE6-BE99-43033F93AEE6}.Debug|Any CPU.Build.0 = Debug|Any CPU
		{02528F3C-7F03-4BE6-BE99-43033F93AEE6}.Debug|x64.ActiveCfg = Debug|Any CPU
		{02528F3C-7F03-4BE6-BE99-43033F93AEE6}.Debug|x64.Build.0 = Debug|Any CPU
		{02528F3C-7F03-4BE6-BE99-43033F93AEE6}.Debug|x86.ActiveCfg = Debug|Any CPU
		{02528F3C-7F03-4BE6-BE99-43033F93AEE6}.Debug|x86.Build.0 = Debug|Any CPU
		{02528F3C-7F03-4BE6-BE99-43033F93AEE6}.Release|Any CPU.ActiveCfg = Release|Any CPU
		{02528F3C-7F03-4BE6-BE99-43033F93AEE6}.Release|Any CPU.Build.0 = Release|Any CPU
		{02528F3C-7F03-4BE6-BE99-43033F93AEE6}.Release|x64.ActiveCfg = Release|Any CPU
		{02528F3C-7F03-4BE6-BE99-43033F93AEE6}.Release|x64.Build.0 = Release|Any CPU
		{02528F3C-7F03-4BE6-BE99-43033F93AEE6}.Release|x86.ActiveCfg = Release|Any CPU
		{02528F3C-7F03-4BE6-BE99-43033F93AEE6}.Release|x86.Build.0 = Release|Any CPU
		{14ADF1E8-7F0E-41BF-A4C9-A31BEA1AAEDC}.Debug|Any CPU.ActiveCfg = Debug|Any CPU
		{14ADF1E8-7F0E-41BF-A4C9-A31BEA1AAEDC}.Debug|Any CPU.Build.0 = Debug|Any CPU
		{14ADF1E8-7F0E-41BF-A4C9-A31BEA1AAEDC}.Debug|x64.ActiveCfg = Debug|Any CPU
		{14ADF1E8-7F0E-41BF-A4C9-A31BEA1AAEDC}.Debug|x64.Build.0 = Debug|Any CPU
		{14ADF1E8-7F0E-41BF-A4C9-A31BEA1AAEDC}.Debug|x86.ActiveCfg = Debug|Any CPU
		{14ADF1E8-7F0E-41BF-A4C9-A31BEA1AAEDC}.Debug|x86.Build.0 = Debug|Any CPU
		{14ADF1E8-7F0E-41BF-A4C9-A31BEA1AAEDC}.Release|Any CPU.ActiveCfg = Release|Any CPU
		{14ADF1E8-7F0E-41BF-A4C9-A31BEA1AAEDC}.Release|Any CPU.Build.0 = Release|Any CPU
		{14ADF1E8-7F0E-41BF-A4C9-A31BEA1AAEDC}.Release|x64.ActiveCfg = Release|Any CPU
		{14ADF1E8-7F0E-41BF-A4C9-A31BEA1AAEDC}.Release|x64.Build.0 = Release|Any CPU
		{14ADF1E8-7F0E-41BF-A4C9-A31BEA1AAEDC}.Release|x86.ActiveCfg = Release|Any CPU
		{14ADF1E8-7F0E-41BF-A4C9-A31BEA1AAEDC}.Release|x86.Build.0 = Release|Any CPU
		{F1263657-9B3A-482F-B1F7-28B18258F7B2}.Debug|Any CPU.ActiveCfg = Debug|Any CPU
		{F1263657-9B3A-482F-B1F7-28B18258F7B2}.Debug|Any CPU.Build.0 = Debug|Any CPU
		{F1263657-9B3A-482F-B1F7-28B18258F7B2}.Debug|x64.ActiveCfg = Debug|Any CPU
		{F1263657-9B3A-482F-B1F7-28B18258F7B2}.Debug|x64.Build.0 = Debug|Any CPU
		{F1263657-9B3A-482F-B1F7-28B18258F7B2}.Debug|x86.ActiveCfg = Debug|Any CPU
		{F1263657-9B3A-482F-B1F7-28B18258F7B2}.Debug|x86.Build.0 = Debug|Any CPU
		{F1263657-9B3A-482F-B1F7-28B18258F7B2}.Release|Any CPU.ActiveCfg = Release|Any CPU
		{F1263657-9B3A-482F-B1F7-28B18258F7B2}.Release|Any CPU.Build.0 = Release|Any CPU
		{F1263657-9B3A-482F-B1F7-28B18258F7B2}.Release|x64.ActiveCfg = Release|Any CPU
		{F1263657-9B3A-482F-B1F7-28B18258F7B2}.Release|x64.Build.0 = Release|Any CPU
		{F1263657-9B3A-482F-B1F7-28B18258F7B2}.Release|x86.ActiveCfg = Release|Any CPU
		{F1263657-9B3A-482F-B1F7-28B18258F7B2}.Release|x86.Build.0 = Release|Any CPU
		{F200EE1F-020F-4D1C-BEB6-8E8469BC4044}.Debug|Any CPU.ActiveCfg = Debug|Any CPU
		{F200EE1F-020F-4D1C-BEB6-8E8469BC4044}.Debug|Any CPU.Build.0 = Debug|Any CPU
		{F200EE1F-020F-4D1C-BEB6-8E8469BC4044}.Debug|x64.ActiveCfg = Debug|Any CPU
		{F200EE1F-020F-4D1C-BEB6-8E8469BC4044}.Debug|x64.Build.0 = Debug|Any CPU
		{F200EE1F-020F-4D1C-BEB6-8E8469BC4044}.Debug|x86.ActiveCfg = Debug|Any CPU
		{F200EE1F-020F-4D1C-BEB6-8E8469BC4044}.Debug|x86.Build.0 = Debug|Any CPU
		{F200EE1F-020F-4D1C-BEB6-8E8469BC4044}.Release|Any CPU.ActiveCfg = Release|Any CPU
		{F200EE1F-020F-4D1C-BEB6-8E8469BC4044}.Release|Any CPU.Build.0 = Release|Any CPU
		{F200EE1F-020F-4D1C-BEB6-8E8469BC4044}.Release|x64.ActiveCfg = Release|Any CPU
		{F200EE1F-020F-4D1C-BEB6-8E8469BC4044}.Release|x64.Build.0 = Release|Any CPU
		{F200EE1F-020F-4D1C-BEB6-8E8469BC4044}.Release|x86.ActiveCfg = Release|Any CPU
		{F200EE1F-020F-4D1C-BEB6-8E8469BC4044}.Release|x86.Build.0 = Release|Any CPU
		{1CF5B367-4B25-44F4-817F-E9C2D9416569}.Debug|Any CPU.ActiveCfg = Debug|Any CPU
		{1CF5B367-4B25-44F4-817F-E9C2D9416569}.Debug|Any CPU.Build.0 = Debug|Any CPU
		{1CF5B367-4B25-44F4-817F-E9C2D9416569}.Debug|x64.ActiveCfg = Debug|Any CPU
		{1CF5B367-4B25-44F4-817F-E9C2D9416569}.Debug|x64.Build.0 = Debug|Any CPU
		{1CF5B367-4B25-44F4-817F-E9C2D9416569}.Debug|x86.ActiveCfg = Debug|Any CPU
		{1CF5B367-4B25-44F4-817F-E9C2D9416569}.Debug|x86.Build.0 = Debug|Any CPU
		{1CF5B367-4B25-44F4-817F-E9C2D9416569}.Release|Any CPU.ActiveCfg = Release|Any CPU
		{1CF5B367-4B25-44F4-817F-E9C2D9416569}.Release|Any CPU.Build.0 = Release|Any CPU
		{1CF5B367-4B25-44F4-817F-E9C2D9416569}.Release|x64.ActiveCfg = Release|Any CPU
		{1CF5B367-4B25-44F4-817F-E9C2D9416569}.Release|x64.Build.0 = Release|Any CPU
		{1CF5B367-4B25-44F4-817F-E9C2D9416569}.Release|x86.ActiveCfg = Release|Any CPU
		{1CF5B367-4B25-44F4-817F-E9C2D9416569}.Release|x86.Build.0 = Release|Any CPU
		{7A3E3A34-2614-4855-B075-561F5566ACD6}.Debug|Any CPU.ActiveCfg = Debug|Any CPU
		{7A3E3A34-2614-4855-B075-561F5566ACD6}.Debug|Any CPU.Build.0 = Debug|Any CPU
		{7A3E3A34-2614-4855-B075-561F5566ACD6}.Debug|x64.ActiveCfg = Debug|Any CPU
		{7A3E3A34-2614-4855-B075-561F5566ACD6}.Debug|x64.Build.0 = Debug|Any CPU
		{7A3E3A34-2614-4855-B075-561F5566ACD6}.Debug|x86.ActiveCfg = Debug|Any CPU
		{7A3E3A34-2614-4855-B075-561F5566ACD6}.Debug|x86.Build.0 = Debug|Any CPU
		{7A3E3A34-2614-4855-B075-561F5566ACD6}.Release|Any CPU.ActiveCfg = Release|Any CPU
		{7A3E3A34-2614-4855-B075-561F5566ACD6}.Release|Any CPU.Build.0 = Release|Any CPU
		{7A3E3A34-2614-4855-B075-561F5566ACD6}.Release|x64.ActiveCfg = Release|Any CPU
		{7A3E3A34-2614-4855-B075-561F5566ACD6}.Release|x64.Build.0 = Release|Any CPU
		{7A3E3A34-2614-4855-B075-561F5566ACD6}.Release|x86.ActiveCfg = Release|Any CPU
		{7A3E3A34-2614-4855-B075-561F5566ACD6}.Release|x86.Build.0 = Release|Any CPU
		{0B478F49-87AB-478A-88EE-B7F26A10C0C6}.Debug|Any CPU.ActiveCfg = Debug|Any CPU
		{0B478F49-87AB-478A-88EE-B7F26A10C0C6}.Debug|Any CPU.Build.0 = Debug|Any CPU
		{0B478F49-87AB-478A-88EE-B7F26A10C0C6}.Debug|x64.ActiveCfg = Debug|Any CPU
		{0B478F49-87AB-478A-88EE-B7F26A10C0C6}.Debug|x64.Build.0 = Debug|Any CPU
		{0B478F49-87AB-478A-88EE-B7F26A10C0C6}.Debug|x86.ActiveCfg = Debug|Any CPU
		{0B478F49-87AB-478A-88EE-B7F26A10C0C6}.Debug|x86.Build.0 = Debug|Any CPU
		{0B478F49-87AB-478A-88EE-B7F26A10C0C6}.Release|Any CPU.ActiveCfg = Release|Any CPU
		{0B478F49-87AB-478A-88EE-B7F26A10C0C6}.Release|Any CPU.Build.0 = Release|Any CPU
		{0B478F49-87AB-478A-88EE-B7F26A10C0C6}.Release|x64.ActiveCfg = Release|Any CPU
		{0B478F49-87AB-478A-88EE-B7F26A10C0C6}.Release|x64.Build.0 = Release|Any CPU
		{0B478F49-87AB-478A-88EE-B7F26A10C0C6}.Release|x86.ActiveCfg = Release|Any CPU
		{0B478F49-87AB-478A-88EE-B7F26A10C0C6}.Release|x86.Build.0 = Release|Any CPU
		{2B605612-5635-450C-BD75-C782342C1240}.Debug|Any CPU.ActiveCfg = Debug|Any CPU
		{2B605612-5635-450C-BD75-C782342C1240}.Debug|Any CPU.Build.0 = Debug|Any CPU
		{2B605612-5635-450C-BD75-C782342C1240}.Debug|x64.ActiveCfg = Debug|Any CPU
		{2B605612-5635-450C-BD75-C782342C1240}.Debug|x64.Build.0 = Debug|Any CPU
		{2B605612-5635-450C-BD75-C782342C1240}.Debug|x86.ActiveCfg = Debug|Any CPU
		{2B605612-5635-450C-BD75-C782342C1240}.Debug|x86.Build.0 = Debug|Any CPU
		{2B605612-5635-450C-BD75-C782342C1240}.Release|Any CPU.ActiveCfg = Release|Any CPU
		{2B605612-5635-450C-BD75-C782342C1240}.Release|Any CPU.Build.0 = Release|Any CPU
		{2B605612-5635-450C-BD75-C782342C1240}.Release|x64.ActiveCfg = Release|Any CPU
		{2B605612-5635-450C-BD75-C782342C1240}.Release|x64.Build.0 = Release|Any CPU
		{2B605612-5635-450C-BD75-C782342C1240}.Release|x86.ActiveCfg = Release|Any CPU
		{2B605612-5635-450C-BD75-C782342C1240}.Release|x86.Build.0 = Release|Any CPU
		{FF09F625-6F53-47C2-A08A-8EA0CC2E274D}.Debug|Any CPU.ActiveCfg = Debug|Any CPU
		{FF09F625-6F53-47C2-A08A-8EA0CC2E274D}.Debug|Any CPU.Build.0 = Debug|Any CPU
		{FF09F625-6F53-47C2-A08A-8EA0CC2E274D}.Debug|x64.ActiveCfg = Debug|Any CPU
		{FF09F625-6F53-47C2-A08A-8EA0CC2E274D}.Debug|x64.Build.0 = Debug|Any CPU
		{FF09F625-6F53-47C2-A08A-8EA0CC2E274D}.Debug|x86.ActiveCfg = Debug|Any CPU
		{FF09F625-6F53-47C2-A08A-8EA0CC2E274D}.Debug|x86.Build.0 = Debug|Any CPU
		{FF09F625-6F53-47C2-A08A-8EA0CC2E274D}.Release|Any CPU.ActiveCfg = Release|Any CPU
		{FF09F625-6F53-47C2-A08A-8EA0CC2E274D}.Release|Any CPU.Build.0 = Release|Any CPU
		{FF09F625-6F53-47C2-A08A-8EA0CC2E274D}.Release|x64.ActiveCfg = Release|Any CPU
		{FF09F625-6F53-47C2-A08A-8EA0CC2E274D}.Release|x64.Build.0 = Release|Any CPU
		{FF09F625-6F53-47C2-A08A-8EA0CC2E274D}.Release|x86.ActiveCfg = Release|Any CPU
		{FF09F625-6F53-47C2-A08A-8EA0CC2E274D}.Release|x86.Build.0 = Release|Any CPU
		{9DA15337-D990-4E51-955A-7189AF91CA61}.Debug|Any CPU.ActiveCfg = Debug|Any CPU
		{9DA15337-D990-4E51-955A-7189AF91CA61}.Debug|Any CPU.Build.0 = Debug|Any CPU
		{9DA15337-D990-4E51-955A-7189AF91CA61}.Debug|x64.ActiveCfg = Debug|Any CPU
		{9DA15337-D990-4E51-955A-7189AF91CA61}.Debug|x64.Build.0 = Debug|Any CPU
		{9DA15337-D990-4E51-955A-7189AF91CA61}.Debug|x86.ActiveCfg = Debug|Any CPU
		{9DA15337-D990-4E51-955A-7189AF91CA61}.Debug|x86.Build.0 = Debug|Any CPU
		{9DA15337-D990-4E51-955A-7189AF91CA61}.Release|Any CPU.ActiveCfg = Release|Any CPU
		{9DA15337-D990-4E51-955A-7189AF91CA61}.Release|Any CPU.Build.0 = Release|Any CPU
		{9DA15337-D990-4E51-955A-7189AF91CA61}.Release|x64.ActiveCfg = Release|Any CPU
		{9DA15337-D990-4E51-955A-7189AF91CA61}.Release|x64.Build.0 = Release|Any CPU
		{9DA15337-D990-4E51-955A-7189AF91CA61}.Release|x86.ActiveCfg = Release|Any CPU
		{9DA15337-D990-4E51-955A-7189AF91CA61}.Release|x86.Build.0 = Release|Any CPU
		{3E16B291-1906-4773-AF96-97984D3D81D1}.Debug|Any CPU.ActiveCfg = Debug|Any CPU
		{3E16B291-1906-4773-AF96-97984D3D81D1}.Debug|Any CPU.Build.0 = Debug|Any CPU
		{3E16B291-1906-4773-AF96-97984D3D81D1}.Debug|x64.ActiveCfg = Debug|Any CPU
		{3E16B291-1906-4773-AF96-97984D3D81D1}.Debug|x64.Build.0 = Debug|Any CPU
		{3E16B291-1906-4773-AF96-97984D3D81D1}.Debug|x86.ActiveCfg = Debug|Any CPU
		{3E16B291-1906-4773-AF96-97984D3D81D1}.Debug|x86.Build.0 = Debug|Any CPU
		{3E16B291-1906-4773-AF96-97984D3D81D1}.Release|Any CPU.ActiveCfg = Release|Any CPU
		{3E16B291-1906-4773-AF96-97984D3D81D1}.Release|Any CPU.Build.0 = Release|Any CPU
		{3E16B291-1906-4773-AF96-97984D3D81D1}.Release|x64.ActiveCfg = Release|Any CPU
		{3E16B291-1906-4773-AF96-97984D3D81D1}.Release|x64.Build.0 = Release|Any CPU
		{3E16B291-1906-4773-AF96-97984D3D81D1}.Release|x86.ActiveCfg = Release|Any CPU
		{3E16B291-1906-4773-AF96-97984D3D81D1}.Release|x86.Build.0 = Release|Any CPU
		{B0500972-E097-4982-8655-B5CCEE26E4DB}.Debug|Any CPU.ActiveCfg = Debug|Any CPU
		{B0500972-E097-4982-8655-B5CCEE26E4DB}.Debug|Any CPU.Build.0 = Debug|Any CPU
		{B0500972-E097-4982-8655-B5CCEE26E4DB}.Debug|x64.ActiveCfg = Debug|Any CPU
		{B0500972-E097-4982-8655-B5CCEE26E4DB}.Debug|x64.Build.0 = Debug|Any CPU
		{B0500972-E097-4982-8655-B5CCEE26E4DB}.Debug|x86.ActiveCfg = Debug|Any CPU
		{B0500972-E097-4982-8655-B5CCEE26E4DB}.Debug|x86.Build.0 = Debug|Any CPU
		{B0500972-E097-4982-8655-B5CCEE26E4DB}.Release|Any CPU.ActiveCfg = Release|Any CPU
		{B0500972-E097-4982-8655-B5CCEE26E4DB}.Release|Any CPU.Build.0 = Release|Any CPU
		{B0500972-E097-4982-8655-B5CCEE26E4DB}.Release|x64.ActiveCfg = Release|Any CPU
		{B0500972-E097-4982-8655-B5CCEE26E4DB}.Release|x64.Build.0 = Release|Any CPU
		{B0500972-E097-4982-8655-B5CCEE26E4DB}.Release|x86.ActiveCfg = Release|Any CPU
		{B0500972-E097-4982-8655-B5CCEE26E4DB}.Release|x86.Build.0 = Release|Any CPU
		{E508C561-F334-40DF-9017-59C4038CE181}.Debug|Any CPU.ActiveCfg = Debug|Any CPU
		{E508C561-F334-40DF-9017-59C4038CE181}.Debug|Any CPU.Build.0 = Debug|Any CPU
		{E508C561-F334-40DF-9017-59C4038CE181}.Debug|x64.ActiveCfg = Debug|Any CPU
		{E508C561-F334-40DF-9017-59C4038CE181}.Debug|x64.Build.0 = Debug|Any CPU
		{E508C561-F334-40DF-9017-59C4038CE181}.Debug|x86.ActiveCfg = Debug|Any CPU
		{E508C561-F334-40DF-9017-59C4038CE181}.Debug|x86.Build.0 = Debug|Any CPU
		{E508C561-F334-40DF-9017-59C4038CE181}.Release|Any CPU.ActiveCfg = Release|Any CPU
		{E508C561-F334-40DF-9017-59C4038CE181}.Release|Any CPU.Build.0 = Release|Any CPU
		{E508C561-F334-40DF-9017-59C4038CE181}.Release|x64.ActiveCfg = Release|Any CPU
		{E508C561-F334-40DF-9017-59C4038CE181}.Release|x64.Build.0 = Release|Any CPU
		{E508C561-F334-40DF-9017-59C4038CE181}.Release|x86.ActiveCfg = Release|Any CPU
		{E508C561-F334-40DF-9017-59C4038CE181}.Release|x86.Build.0 = Release|Any CPU
		{BBA7D2BA-09DA-4976-A6DC-64BFAAE8FC35}.Debug|Any CPU.ActiveCfg = Debug|Any CPU
		{BBA7D2BA-09DA-4976-A6DC-64BFAAE8FC35}.Debug|Any CPU.Build.0 = Debug|Any CPU
		{BBA7D2BA-09DA-4976-A6DC-64BFAAE8FC35}.Debug|x64.ActiveCfg = Debug|Any CPU
		{BBA7D2BA-09DA-4976-A6DC-64BFAAE8FC35}.Debug|x64.Build.0 = Debug|Any CPU
		{BBA7D2BA-09DA-4976-A6DC-64BFAAE8FC35}.Debug|x86.ActiveCfg = Debug|Any CPU
		{BBA7D2BA-09DA-4976-A6DC-64BFAAE8FC35}.Debug|x86.Build.0 = Debug|Any CPU
		{BBA7D2BA-09DA-4976-A6DC-64BFAAE8FC35}.Release|Any CPU.ActiveCfg = Release|Any CPU
		{BBA7D2BA-09DA-4976-A6DC-64BFAAE8FC35}.Release|Any CPU.Build.0 = Release|Any CPU
		{BBA7D2BA-09DA-4976-A6DC-64BFAAE8FC35}.Release|x64.ActiveCfg = Release|Any CPU
		{BBA7D2BA-09DA-4976-A6DC-64BFAAE8FC35}.Release|x64.Build.0 = Release|Any CPU
		{BBA7D2BA-09DA-4976-A6DC-64BFAAE8FC35}.Release|x86.ActiveCfg = Release|Any CPU
		{BBA7D2BA-09DA-4976-A6DC-64BFAAE8FC35}.Release|x86.Build.0 = Release|Any CPU
		{9CEFD0C7-343E-4377-B8D5-0692081CAA0E}.Debug|Any CPU.ActiveCfg = Debug|Any CPU
		{9CEFD0C7-343E-4377-B8D5-0692081CAA0E}.Debug|Any CPU.Build.0 = Debug|Any CPU
		{9CEFD0C7-343E-4377-B8D5-0692081CAA0E}.Debug|x64.ActiveCfg = Debug|Any CPU
		{9CEFD0C7-343E-4377-B8D5-0692081CAA0E}.Debug|x64.Build.0 = Debug|Any CPU
		{9CEFD0C7-343E-4377-B8D5-0692081CAA0E}.Debug|x86.ActiveCfg = Debug|Any CPU
		{9CEFD0C7-343E-4377-B8D5-0692081CAA0E}.Debug|x86.Build.0 = Debug|Any CPU
		{9CEFD0C7-343E-4377-B8D5-0692081CAA0E}.Release|Any CPU.ActiveCfg = Release|Any CPU
		{9CEFD0C7-343E-4377-B8D5-0692081CAA0E}.Release|Any CPU.Build.0 = Release|Any CPU
		{9CEFD0C7-343E-4377-B8D5-0692081CAA0E}.Release|x64.ActiveCfg = Release|Any CPU
		{9CEFD0C7-343E-4377-B8D5-0692081CAA0E}.Release|x64.Build.0 = Release|Any CPU
		{9CEFD0C7-343E-4377-B8D5-0692081CAA0E}.Release|x86.ActiveCfg = Release|Any CPU
		{9CEFD0C7-343E-4377-B8D5-0692081CAA0E}.Release|x86.Build.0 = Release|Any CPU
		{CB83D3F0-58B5-427E-8B6C-25B19CB4929B}.Debug|Any CPU.ActiveCfg = Debug|Any CPU
		{CB83D3F0-58B5-427E-8B6C-25B19CB4929B}.Debug|Any CPU.Build.0 = Debug|Any CPU
		{CB83D3F0-58B5-427E-8B6C-25B19CB4929B}.Debug|x64.ActiveCfg = Debug|Any CPU
		{CB83D3F0-58B5-427E-8B6C-25B19CB4929B}.Debug|x64.Build.0 = Debug|Any CPU
		{CB83D3F0-58B5-427E-8B6C-25B19CB4929B}.Debug|x86.ActiveCfg = Debug|Any CPU
		{CB83D3F0-58B5-427E-8B6C-25B19CB4929B}.Debug|x86.Build.0 = Debug|Any CPU
		{CB83D3F0-58B5-427E-8B6C-25B19CB4929B}.Release|Any CPU.ActiveCfg = Release|Any CPU
		{CB83D3F0-58B5-427E-8B6C-25B19CB4929B}.Release|Any CPU.Build.0 = Release|Any CPU
		{CB83D3F0-58B5-427E-8B6C-25B19CB4929B}.Release|x64.ActiveCfg = Release|Any CPU
		{CB83D3F0-58B5-427E-8B6C-25B19CB4929B}.Release|x64.Build.0 = Release|Any CPU
		{CB83D3F0-58B5-427E-8B6C-25B19CB4929B}.Release|x86.ActiveCfg = Release|Any CPU
		{CB83D3F0-58B5-427E-8B6C-25B19CB4929B}.Release|x86.Build.0 = Release|Any CPU
		{6951B3C0-4456-470C-81F2-122852635294}.Debug|Any CPU.ActiveCfg = Debug|Any CPU
		{6951B3C0-4456-470C-81F2-122852635294}.Debug|Any CPU.Build.0 = Debug|Any CPU
		{6951B3C0-4456-470C-81F2-122852635294}.Debug|x64.ActiveCfg = Debug|Any CPU
		{6951B3C0-4456-470C-81F2-122852635294}.Debug|x64.Build.0 = Debug|Any CPU
		{6951B3C0-4456-470C-81F2-122852635294}.Debug|x86.ActiveCfg = Debug|Any CPU
		{6951B3C0-4456-470C-81F2-122852635294}.Debug|x86.Build.0 = Debug|Any CPU
		{6951B3C0-4456-470C-81F2-122852635294}.Release|Any CPU.ActiveCfg = Release|Any CPU
		{6951B3C0-4456-470C-81F2-122852635294}.Release|Any CPU.Build.0 = Release|Any CPU
		{6951B3C0-4456-470C-81F2-122852635294}.Release|x64.ActiveCfg = Release|Any CPU
		{6951B3C0-4456-470C-81F2-122852635294}.Release|x64.Build.0 = Release|Any CPU
		{6951B3C0-4456-470C-81F2-122852635294}.Release|x86.ActiveCfg = Release|Any CPU
		{6951B3C0-4456-470C-81F2-122852635294}.Release|x86.Build.0 = Release|Any CPU
		{7D082D5B-DB15-4F1C-A475-90577C833A28}.Debug|Any CPU.ActiveCfg = Debug|Any CPU
		{7D082D5B-DB15-4F1C-A475-90577C833A28}.Debug|Any CPU.Build.0 = Debug|Any CPU
		{7D082D5B-DB15-4F1C-A475-90577C833A28}.Debug|x64.ActiveCfg = Debug|Any CPU
		{7D082D5B-DB15-4F1C-A475-90577C833A28}.Debug|x64.Build.0 = Debug|Any CPU
		{7D082D5B-DB15-4F1C-A475-90577C833A28}.Debug|x86.ActiveCfg = Debug|Any CPU
		{7D082D5B-DB15-4F1C-A475-90577C833A28}.Debug|x86.Build.0 = Debug|Any CPU
		{7D082D5B-DB15-4F1C-A475-90577C833A28}.Release|Any CPU.ActiveCfg = Release|Any CPU
		{7D082D5B-DB15-4F1C-A475-90577C833A28}.Release|Any CPU.Build.0 = Release|Any CPU
		{7D082D5B-DB15-4F1C-A475-90577C833A28}.Release|x64.ActiveCfg = Release|Any CPU
		{7D082D5B-DB15-4F1C-A475-90577C833A28}.Release|x64.Build.0 = Release|Any CPU
		{7D082D5B-DB15-4F1C-A475-90577C833A28}.Release|x86.ActiveCfg = Release|Any CPU
		{7D082D5B-DB15-4F1C-A475-90577C833A28}.Release|x86.Build.0 = Release|Any CPU
		{DED80EDA-D250-45D0-B5F1-18275ED198CA}.Debug|Any CPU.ActiveCfg = Debug|Any CPU
		{DED80EDA-D250-45D0-B5F1-18275ED198CA}.Debug|Any CPU.Build.0 = Debug|Any CPU
		{DED80EDA-D250-45D0-B5F1-18275ED198CA}.Debug|x64.ActiveCfg = Debug|Any CPU
		{DED80EDA-D250-45D0-B5F1-18275ED198CA}.Debug|x64.Build.0 = Debug|Any CPU
		{DED80EDA-D250-45D0-B5F1-18275ED198CA}.Debug|x86.ActiveCfg = Debug|Any CPU
		{DED80EDA-D250-45D0-B5F1-18275ED198CA}.Debug|x86.Build.0 = Debug|Any CPU
		{DED80EDA-D250-45D0-B5F1-18275ED198CA}.Release|Any CPU.ActiveCfg = Release|Any CPU
		{DED80EDA-D250-45D0-B5F1-18275ED198CA}.Release|Any CPU.Build.0 = Release|Any CPU
		{DED80EDA-D250-45D0-B5F1-18275ED198CA}.Release|x64.ActiveCfg = Release|Any CPU
		{DED80EDA-D250-45D0-B5F1-18275ED198CA}.Release|x64.Build.0 = Release|Any CPU
		{DED80EDA-D250-45D0-B5F1-18275ED198CA}.Release|x86.ActiveCfg = Release|Any CPU
		{DED80EDA-D250-45D0-B5F1-18275ED198CA}.Release|x86.Build.0 = Release|Any CPU
	EndGlobalSection
	GlobalSection(SolutionProperties) = preSolution
		HideSolutionNode = FALSE
	EndGlobalSection
	GlobalSection(NestedProjects) = preSolution
		{90298CBA-BD6F-3A0A-69D5-97CAD7B05E7E} = {827E0CD3-B72D-47B6-A68D-7590B98EB39B}
		{4D909E3A-FE81-0AA7-4841-65E192C827E3} = {90298CBA-BD6F-3A0A-69D5-97CAD7B05E7E}
		{78D01CA0-F1E6-8755-E645-1C1D059F1E79} = {4D909E3A-FE81-0AA7-4841-65E192C827E3}
		{FF48C9C1-C91D-4827-8138-C77FE895B6B6} = {78D01CA0-F1E6-8755-E645-1C1D059F1E79}
		{40DECC1E-9B84-203E-D83F-7D973101D837} = {4D909E3A-FE81-0AA7-4841-65E192C827E3}
		{47389B2B-DFA3-4638-B882-00D1C919CB12} = {40DECC1E-9B84-203E-D83F-7D973101D837}
		{ADCB7F26-B9E3-E604-B1EE-940B1E813F8F} = {4D909E3A-FE81-0AA7-4841-65E192C827E3}
		{02528F3C-7F03-4BE6-BE99-43033F93AEE6} = {ADCB7F26-B9E3-E604-B1EE-940B1E813F8F}
		{F8284A3B-6172-4543-FC74-2C149A4C2E29} = {90298CBA-BD6F-3A0A-69D5-97CAD7B05E7E}
		{14ADF1E8-7F0E-41BF-A4C9-A31BEA1AAEDC} = {F8284A3B-6172-4543-FC74-2C149A4C2E29}
		{984BB9B3-3FA3-BE33-9484-CAC21695A33C} = {827E0CD3-B72D-47B6-A68D-7590B98EB39B}
		{F5625D22-DF6D-6E20-0384-6B2F7CAD8697} = {984BB9B3-3FA3-BE33-9484-CAC21695A33C}
		{42A25F74-F5A9-DA73-4F2C-362E850BA683} = {F5625D22-DF6D-6E20-0384-6B2F7CAD8697}
		{F1263657-9B3A-482F-B1F7-28B18258F7B2} = {42A25F74-F5A9-DA73-4F2C-362E850BA683}
		{11DC1BD8-05D8-D1E8-CFEE-C93BB6BD26F1} = {F5625D22-DF6D-6E20-0384-6B2F7CAD8697}
		{F200EE1F-020F-4D1C-BEB6-8E8469BC4044} = {11DC1BD8-05D8-D1E8-CFEE-C93BB6BD26F1}
		{EFEFE124-6165-D827-E493-FB1020A80E93} = {F5625D22-DF6D-6E20-0384-6B2F7CAD8697}
		{1CF5B367-4B25-44F4-817F-E9C2D9416569} = {EFEFE124-6165-D827-E493-FB1020A80E93}
		{49E61A2E-3FF8-9481-0647-AC6225566F9D} = {F5625D22-DF6D-6E20-0384-6B2F7CAD8697}
		{7A3E3A34-2614-4855-B075-561F5566ACD6} = {49E61A2E-3FF8-9481-0647-AC6225566F9D}
		{40CB294E-2A2C-AA7D-5466-10F40F0DAD4F} = {984BB9B3-3FA3-BE33-9484-CAC21695A33C}
		{F974FCC0-A6F3-2B93-698C-553F775B77C0} = {40CB294E-2A2C-AA7D-5466-10F40F0DAD4F}
		{0B478F49-87AB-478A-88EE-B7F26A10C0C6} = {F974FCC0-A6F3-2B93-698C-553F775B77C0}
		{BF1A8772-579A-3153-83E2-EDD58A6E45D6} = {40CB294E-2A2C-AA7D-5466-10F40F0DAD4F}
		{2B605612-5635-450C-BD75-C782342C1240} = {BF1A8772-579A-3153-83E2-EDD58A6E45D6}
		{FCEFCF22-B631-20CF-157D-8D33F2416543} = {40CB294E-2A2C-AA7D-5466-10F40F0DAD4F}
		{FF09F625-6F53-47C2-A08A-8EA0CC2E274D} = {FCEFCF22-B631-20CF-157D-8D33F2416543}
		{07CEB263-9C79-AA29-89E2-70D81389F4F0} = {40CB294E-2A2C-AA7D-5466-10F40F0DAD4F}
		{9DA15337-D990-4E51-955A-7189AF91CA61} = {07CEB263-9C79-AA29-89E2-70D81389F4F0}
		{47931FAB-DBE1-FD8F-0AFF-2CD4B99C52C4} = {984BB9B3-3FA3-BE33-9484-CAC21695A33C}
		{765FF48B-A5C8-DFC1-0896-93B9227831AB} = {47931FAB-DBE1-FD8F-0AFF-2CD4B99C52C4}
		{3E16B291-1906-4773-AF96-97984D3D81D1} = {765FF48B-A5C8-DFC1-0896-93B9227831AB}
		{1C80E3BB-008F-876E-714E-9924AFE837B4} = {47931FAB-DBE1-FD8F-0AFF-2CD4B99C52C4}
		{B0500972-E097-4982-8655-B5CCEE26E4DB} = {1C80E3BB-008F-876E-714E-9924AFE837B4}
		{58425A84-E96B-2717-D201-A75138AE0207} = {47931FAB-DBE1-FD8F-0AFF-2CD4B99C52C4}
		{E508C561-F334-40DF-9017-59C4038CE181} = {58425A84-E96B-2717-D201-A75138AE0207}
		{2F82A921-F5AC-497D-C46A-64A82B34AE26} = {984BB9B3-3FA3-BE33-9484-CAC21695A33C}
		{565E4123-D16E-3ECC-D43C-87C70247C771} = {2F82A921-F5AC-497D-C46A-64A82B34AE26}
		{BBA7D2BA-09DA-4976-A6DC-64BFAAE8FC35} = {565E4123-D16E-3ECC-D43C-87C70247C771}
		{81B0D3AC-0736-62E9-C84F-0795559FE368} = {2F82A921-F5AC-497D-C46A-64A82B34AE26}
		{9CEFD0C7-343E-4377-B8D5-0692081CAA0E} = {81B0D3AC-0736-62E9-C84F-0795559FE368}
		{FE39EF7F-C218-15B4-D7F8-3D2E29339B6B} = {2F82A921-F5AC-497D-C46A-64A82B34AE26}
		{CB83D3F0-58B5-427E-8B6C-25B19CB4929B} = {FE39EF7F-C218-15B4-D7F8-3D2E29339B6B}
		{6951B3C0-4456-470C-81F2-122852635294} = {0AB3BF05-4346-4AA6-1389-037BE0695223}
		{7D082D5B-DB15-4F1C-A475-90577C833A28} = {0AB3BF05-4346-4AA6-1389-037BE0695223}
		{DED80EDA-D250-45D0-B5F1-18275ED198CA} = {0AB3BF05-4346-4AA6-1389-037BE0695223}
	EndGlobalSection
EndGlobal
