
Microsoft Visual Studio Solution File, Format Version 12.00
# Visual Studio Version 17
VisualStudioVersion = 17.0.31903.59
MinimumVisualStudioVersion = 10.0.40219.1
Project("{2150E333-8FDC-42A3-9474-1A3956D46DE8}") = "src", "src", "{827E0CD3-B72D-47B6-A68D-7590B98EB39B}"
EndProject
Project("{2150E333-8FDC-42A3-9474-1A3956D46DE8}") = "Core", "Core", "{8D626EA8-CB54-BC41-363A-217881BEBA6E}"
EndProject
Project("{FAE04EC0-301F-11D3-BF4B-00C04F79EFBC}") = "Core.Abstractions", "src\Core\Core.Abstractions\Core.Abstractions.csproj", "{BCB0E357-9FE7-46A8-B2F9-EBCAD846762E}"
EndProject
Project("{FAE04EC0-301F-11D3-BF4B-00C04F79EFBC}") = "Core.Application", "src\Core\Core.Application\Core.Application.csproj", "{87C5026C-91AE-4FE7-9D7B-AE0E05AD0E54}"
EndProject
Project("{FAE04EC0-301F-11D3-BF4B-00C04F79EFBC}") = "Core.WebApi", "src\Core\Core.WebApi\Core.WebApi.csproj", "{D9DA0CA6-8C94-484B-9653-272165C88CDE}"
EndProject
Project("{2150E333-8FDC-42A3-9474-1A3956D46DE8}") = "Plugins", "Plugins", "{58D3A2C3-F96F-5E57-2C6B-ECE59D6A18FC}"
EndProject
Project("{FAE04EC0-301F-11D3-BF4B-00C04F79EFBC}") = "EmailPlugin", "src\Plugins\EmailPlugin\EmailPlugin.csproj", "{8F98457C-29F0-4913-91EE-7AEED55ABCE6}"
EndProject
Project("{FAE04EC0-301F-11D3-BF4B-00C04F79EFBC}") = "PaymentPlugin", "src\Plugins\PaymentPlugin\PaymentPlugin.csproj", "{DAC44156-DE7B-4A03-9A0F-92C972CAEC04}"
EndProject
Project("{FAE04EC0-301F-11D3-BF4B-00C04F79EFBC}") = "ReportingPlugin", "src\Plugins\ReportingPlugin\ReportingPlugin.csproj", "{BC49EA2D-49B0-4FEE-8512-158262DED7A0}"
EndProject
Project("{FAE04EC0-301F-11D3-BF4B-00C04F79EFBC}") = "Shared", "src\Shared\Shared.csproj", "{96D60CBF-54B5-44B4-9ABF-60D85CF13A1D}"
EndProject
Project("{2150E333-8FDC-42A3-9474-1A3956D46DE8}") = "tests", "tests", "{0AB3BF05-4346-4AA6-1389-037BE0695223}"
EndProject
Project("{FAE04EC0-301F-11D3-BF4B-00C04F79EFBC}") = "Core.Application.Tests", "tests\Core.Application.Tests\Core.Application.Tests.csproj", "{C7B2E3EF-A165-40C6-AFD6-4AB362442F47}"
EndProject
Project("{FAE04EC0-301F-11D3-BF4B-00C04F79EFBC}") = "EmailPlugin.Tests", "tests\EmailPlugin.Tests\EmailPlugin.Tests.csproj", "{255B4AC4-2125-4301-89FF-0449FAF7BDD1}"
EndProject
Project("{FAE04EC0-301F-11D3-BF4B-00C04F79EFBC}") = "PaymentPlugin.Tests", "tests\PaymentPlugin.Tests\PaymentPlugin.Tests.csproj", "{9B4E0933-9238-46B2-9FD2-3814D1E2BC56}"
EndProject
Global
	GlobalSection(SolutionConfigurationPlatforms) = preSolution
		Debug|Any CPU = Debug|Any CPU
		Debug|x64 = Debug|x64
		Debug|x86 = Debug|x86
		Release|Any CPU = Release|Any CPU
		Release|x64 = Release|x64
		Release|x86 = Release|x86
	EndGlobalSection
	GlobalSection(ProjectConfigurationPlatforms) = postSolution
		{BCB0E357-9FE7-46A8-B2F9-EBCAD846762E}.Debug|Any CPU.ActiveCfg = Debug|Any CPU
		{BCB0E357-9FE7-46A8-B2F9-EBCAD846762E}.Debug|Any CPU.Build.0 = Debug|Any CPU
		{BCB0E357-9FE7-46A8-B2F9-EBCAD846762E}.Debug|x64.ActiveCfg = Debug|Any CPU
		{BCB0E357-9FE7-46A8-B2F9-EBCAD846762E}.Debug|x64.Build.0 = Debug|Any CPU
		{BCB0E357-9FE7-46A8-B2F9-EBCAD846762E}.Debug|x86.ActiveCfg = Debug|Any CPU
		{BCB0E357-9FE7-46A8-B2F9-EBCAD846762E}.Debug|x86.Build.0 = Debug|Any CPU
		{BCB0E357-9FE7-46A8-B2F9-EBCAD846762E}.Release|Any CPU.ActiveCfg = Release|Any CPU
		{BCB0E357-9FE7-46A8-B2F9-EBCAD846762E}.Release|Any CPU.Build.0 = Release|Any CPU
		{BCB0E357-9FE7-46A8-B2F9-EBCAD846762E}.Release|x64.ActiveCfg = Release|Any CPU
		{BCB0E357-9FE7-46A8-B2F9-EBCAD846762E}.Release|x64.Build.0 = Release|Any CPU
		{BCB0E357-9FE7-46A8-B2F9-EBCAD846762E}.Release|x86.ActiveCfg = Release|Any CPU
		{BCB0E357-9FE7-46A8-B2F9-EBCAD846762E}.Release|x86.Build.0 = Release|Any CPU
		{87C5026C-91AE-4FE7-9D7B-AE0E05AD0E54}.Debug|Any CPU.ActiveCfg = Debug|Any CPU
		{87C5026C-91AE-4FE7-9D7B-AE0E05AD0E54}.Debug|Any CPU.Build.0 = Debug|Any CPU
		{87C5026C-91AE-4FE7-9D7B-AE0E05AD0E54}.Debug|x64.ActiveCfg = Debug|Any CPU
		{87C5026C-91AE-4FE7-9D7B-AE0E05AD0E54}.Debug|x64.Build.0 = Debug|Any CPU
		{87C5026C-91AE-4FE7-9D7B-AE0E05AD0E54}.Debug|x86.ActiveCfg = Debug|Any CPU
		{87C5026C-91AE-4FE7-9D7B-AE0E05AD0E54}.Debug|x86.Build.0 = Debug|Any CPU
		{87C5026C-91AE-4FE7-9D7B-AE0E05AD0E54}.Release|Any CPU.ActiveCfg = Release|Any CPU
		{87C5026C-91AE-4FE7-9D7B-AE0E05AD0E54}.Release|Any CPU.Build.0 = Release|Any CPU
		{87C5026C-91AE-4FE7-9D7B-AE0E05AD0E54}.Release|x64.ActiveCfg = Release|Any CPU
		{87C5026C-91AE-4FE7-9D7B-AE0E05AD0E54}.Release|x64.Build.0 = Release|Any CPU
		{87C5026C-91AE-4FE7-9D7B-AE0E05AD0E54}.Release|x86.ActiveCfg = Release|Any CPU
		{87C5026C-91AE-4FE7-9D7B-AE0E05AD0E54}.Release|x86.Build.0 = Release|Any CPU
		{D9DA0CA6-8C94-484B-9653-272165C88CDE}.Debug|Any CPU.ActiveCfg = Debug|Any CPU
		{D9DA0CA6-8C94-484B-9653-272165C88CDE}.Debug|Any CPU.Build.0 = Debug|Any CPU
		{D9DA0CA6-8C94-484B-9653-272165C88CDE}.Debug|x64.ActiveCfg = Debug|Any CPU
		{D9DA0CA6-8C94-484B-9653-272165C88CDE}.Debug|x64.Build.0 = Debug|Any CPU
		{D9DA0CA6-8C94-484B-9653-272165C88CDE}.Debug|x86.ActiveCfg = Debug|Any CPU
		{D9DA0CA6-8C94-484B-9653-272165C88CDE}.Debug|x86.Build.0 = Debug|Any CPU
		{D9DA0CA6-8C94-484B-9653-272165C88CDE}.Release|Any CPU.ActiveCfg = Release|Any CPU
		{D9DA0CA6-8C94-484B-9653-272165C88CDE}.Release|Any CPU.Build.0 = Release|Any CPU
		{D9DA0CA6-8C94-484B-9653-272165C88CDE}.Release|x64.ActiveCfg = Release|Any CPU
		{D9DA0CA6-8C94-484B-9653-272165C88CDE}.Release|x64.Build.0 = Release|Any CPU
		{D9DA0CA6-8C94-484B-9653-272165C88CDE}.Release|x86.ActiveCfg = Release|Any CPU
		{D9DA0CA6-8C94-484B-9653-272165C88CDE}.Release|x86.Build.0 = Release|Any CPU
		{8F98457C-29F0-4913-91EE-7AEED55ABCE6}.Debug|Any CPU.ActiveCfg = Debug|Any CPU
		{8F98457C-29F0-4913-91EE-7AEED55ABCE6}.Debug|Any CPU.Build.0 = Debug|Any CPU
		{8F98457C-29F0-4913-91EE-7AEED55ABCE6}.Debug|x64.ActiveCfg = Debug|Any CPU
		{8F98457C-29F0-4913-91EE-7AEED55ABCE6}.Debug|x64.Build.0 = Debug|Any CPU
		{8F98457C-29F0-4913-91EE-7AEED55ABCE6}.Debug|x86.ActiveCfg = Debug|Any CPU
		{8F98457C-29F0-4913-91EE-7AEED55ABCE6}.Debug|x86.Build.0 = Debug|Any CPU
		{8F98457C-29F0-4913-91EE-7AEED55ABCE6}.Release|Any CPU.ActiveCfg = Release|Any CPU
		{8F98457C-29F0-4913-91EE-7AEED55ABCE6}.Release|Any CPU.Build.0 = Release|Any CPU
		{8F98457C-29F0-4913-91EE-7AEED55ABCE6}.Release|x64.ActiveCfg = Release|Any CPU
		{8F98457C-29F0-4913-91EE-7AEED55ABCE6}.Release|x64.Build.0 = Release|Any CPU
		{8F98457C-29F0-4913-91EE-7AEED55ABCE6}.Release|x86.ActiveCfg = Release|Any CPU
		{8F98457C-29F0-4913-91EE-7AEED55ABCE6}.Release|x86.Build.0 = Release|Any CPU
		{DAC44156-DE7B-4A03-9A0F-92C972CAEC04}.Debug|Any CPU.ActiveCfg = Debug|Any CPU
		{DAC44156-DE7B-4A03-9A0F-92C972CAEC04}.Debug|Any CPU.Build.0 = Debug|Any CPU
		{DAC44156-DE7B-4A03-9A0F-92C972CAEC04}.Debug|x64.ActiveCfg = Debug|Any CPU
		{DAC44156-DE7B-4A03-9A0F-92C972CAEC04}.Debug|x64.Build.0 = Debug|Any CPU
		{DAC44156-DE7B-4A03-9A0F-92C972CAEC04}.Debug|x86.ActiveCfg = Debug|Any CPU
		{DAC44156-DE7B-4A03-9A0F-92C972CAEC04}.Debug|x86.Build.0 = Debug|Any CPU
		{DAC44156-DE7B-4A03-9A0F-92C972CAEC04}.Release|Any CPU.ActiveCfg = Release|Any CPU
		{DAC44156-DE7B-4A03-9A0F-92C972CAEC04}.Release|Any CPU.Build.0 = Release|Any CPU
		{DAC44156-DE7B-4A03-9A0F-92C972CAEC04}.Release|x64.ActiveCfg = Release|Any CPU
		{DAC44156-DE7B-4A03-9A0F-92C972CAEC04}.Release|x64.Build.0 = Release|Any CPU
		{DAC44156-DE7B-4A03-9A0F-92C972CAEC04}.Release|x86.ActiveCfg = Release|Any CPU
		{DAC44156-DE7B-4A03-9A0F-92C972CAEC04}.Release|x86.Build.0 = Release|Any CPU
		{BC49EA2D-49B0-4FEE-8512-158262DED7A0}.Debug|Any CPU.ActiveCfg = Debug|Any CPU
		{BC49EA2D-49B0-4FEE-8512-158262DED7A0}.Debug|Any CPU.Build.0 = Debug|Any CPU
		{BC49EA2D-49B0-4FEE-8512-158262DED7A0}.Debug|x64.ActiveCfg = Debug|Any CPU
		{BC49EA2D-49B0-4FEE-8512-158262DED7A0}.Debug|x64.Build.0 = Debug|Any CPU
		{BC49EA2D-49B0-4FEE-8512-158262DED7A0}.Debug|x86.ActiveCfg = Debug|Any CPU
		{BC49EA2D-49B0-4FEE-8512-158262DED7A0}.Debug|x86.Build.0 = Debug|Any CPU
		{BC49EA2D-49B0-4FEE-8512-158262DED7A0}.Release|Any CPU.ActiveCfg = Release|Any CPU
		{BC49EA2D-49B0-4FEE-8512-158262DED7A0}.Release|Any CPU.Build.0 = Release|Any CPU
		{BC49EA2D-49B0-4FEE-8512-158262DED7A0}.Release|x64.ActiveCfg = Release|Any CPU
		{BC49EA2D-49B0-4FEE-8512-158262DED7A0}.Release|x64.Build.0 = Release|Any CPU
		{BC49EA2D-49B0-4FEE-8512-158262DED7A0}.Release|x86.ActiveCfg = Release|Any CPU
		{BC49EA2D-49B0-4FEE-8512-158262DED7A0}.Release|x86.Build.0 = Release|Any CPU
		{96D60CBF-54B5-44B4-9ABF-60D85CF13A1D}.Debug|Any CPU.ActiveCfg = Debug|Any CPU
		{96D60CBF-54B5-44B4-9ABF-60D85CF13A1D}.Debug|Any CPU.Build.0 = Debug|Any CPU
		{96D60CBF-54B5-44B4-9ABF-60D85CF13A1D}.Debug|x64.ActiveCfg = Debug|Any CPU
		{96D60CBF-54B5-44B4-9ABF-60D85CF13A1D}.Debug|x64.Build.0 = Debug|Any CPU
		{96D60CBF-54B5-44B4-9ABF-60D85CF13A1D}.Debug|x86.ActiveCfg = Debug|Any CPU
		{96D60CBF-54B5-44B4-9ABF-60D85CF13A1D}.Debug|x86.Build.0 = Debug|Any CPU
		{96D60CBF-54B5-44B4-9ABF-60D85CF13A1D}.Release|Any CPU.ActiveCfg = Release|Any CPU
		{96D60CBF-54B5-44B4-9ABF-60D85CF13A1D}.Release|Any CPU.Build.0 = Release|Any CPU
		{96D60CBF-54B5-44B4-9ABF-60D85CF13A1D}.Release|x64.ActiveCfg = Release|Any CPU
		{96D60CBF-54B5-44B4-9ABF-60D85CF13A1D}.Release|x64.Build.0 = Release|Any CPU
		{96D60CBF-54B5-44B4-9ABF-60D85CF13A1D}.Release|x86.ActiveCfg = Release|Any CPU
		{96D60CBF-54B5-44B4-9ABF-60D85CF13A1D}.Release|x86.Build.0 = Release|Any CPU
		{C7B2E3EF-A165-40C6-AFD6-4AB362442F47}.Debug|Any CPU.ActiveCfg = Debug|Any CPU
		{C7B2E3EF-A165-40C6-AFD6-4AB362442F47}.Debug|Any CPU.Build.0 = Debug|Any CPU
		{C7B2E3EF-A165-40C6-AFD6-4AB362442F47}.Debug|x64.ActiveCfg = Debug|Any CPU
		{C7B2E3EF-A165-40C6-AFD6-4AB362442F47}.Debug|x64.Build.0 = Debug|Any CPU
		{C7B2E3EF-A165-40C6-AFD6-4AB362442F47}.Debug|x86.ActiveCfg = Debug|Any CPU
		{C7B2E3EF-A165-40C6-AFD6-4AB362442F47}.Debug|x86.Build.0 = Debug|Any CPU
		{C7B2E3EF-A165-40C6-AFD6-4AB362442F47}.Release|Any CPU.ActiveCfg = Release|Any CPU
		{C7B2E3EF-A165-40C6-AFD6-4AB362442F47}.Release|Any CPU.Build.0 = Release|Any CPU
		{C7B2E3EF-A165-40C6-AFD6-4AB362442F47}.Release|x64.ActiveCfg = Release|Any CPU
		{C7B2E3EF-A165-40C6-AFD6-4AB362442F47}.Release|x64.Build.0 = Release|Any CPU
		{C7B2E3EF-A165-40C6-AFD6-4AB362442F47}.Release|x86.ActiveCfg = Release|Any CPU
		{C7B2E3EF-A165-40C6-AFD6-4AB362442F47}.Release|x86.Build.0 = Release|Any CPU
		{255B4AC4-2125-4301-89FF-0449FAF7BDD1}.Debug|Any CPU.ActiveCfg = Debug|Any CPU
		{255B4AC4-2125-4301-89FF-0449FAF7BDD1}.Debug|Any CPU.Build.0 = Debug|Any CPU
		{255B4AC4-2125-4301-89FF-0449FAF7BDD1}.Debug|x64.ActiveCfg = Debug|Any CPU
		{255B4AC4-2125-4301-89FF-0449FAF7BDD1}.Debug|x64.Build.0 = Debug|Any CPU
		{255B4AC4-2125-4301-89FF-0449FAF7BDD1}.Debug|x86.ActiveCfg = Debug|Any CPU
		{255B4AC4-2125-4301-89FF-0449FAF7BDD1}.Debug|x86.Build.0 = Debug|Any CPU
		{255B4AC4-2125-4301-89FF-0449FAF7BDD1}.Release|Any CPU.ActiveCfg = Release|Any CPU
		{255B4AC4-2125-4301-89FF-0449FAF7BDD1}.Release|Any CPU.Build.0 = Release|Any CPU
		{255B4AC4-2125-4301-89FF-0449FAF7BDD1}.Release|x64.ActiveCfg = Release|Any CPU
		{255B4AC4-2125-4301-89FF-0449FAF7BDD1}.Release|x64.Build.0 = Release|Any CPU
		{255B4AC4-2125-4301-89FF-0449FAF7BDD1}.Release|x86.ActiveCfg = Release|Any CPU
		{255B4AC4-2125-4301-89FF-0449FAF7BDD1}.Release|x86.Build.0 = Release|Any CPU
		{9B4E0933-9238-46B2-9FD2-3814D1E2BC56}.Debug|Any CPU.ActiveCfg = Debug|Any CPU
		{9B4E0933-9238-46B2-9FD2-3814D1E2BC56}.Debug|Any CPU.Build.0 = Debug|Any CPU
		{9B4E0933-9238-46B2-9FD2-3814D1E2BC56}.Debug|x64.ActiveCfg = Debug|Any CPU
		{9B4E0933-9238-46B2-9FD2-3814D1E2BC56}.Debug|x64.Build.0 = Debug|Any CPU
		{9B4E0933-9238-46B2-9FD2-3814D1E2BC56}.Debug|x86.ActiveCfg = Debug|Any CPU
		{9B4E0933-9238-46B2-9FD2-3814D1E2BC56}.Debug|x86.Build.0 = Debug|Any CPU
		{9B4E0933-9238-46B2-9FD2-3814D1E2BC56}.Release|Any CPU.ActiveCfg = Release|Any CPU
		{9B4E0933-9238-46B2-9FD2-3814D1E2BC56}.Release|Any CPU.Build.0 = Release|Any CPU
		{9B4E0933-9238-46B2-9FD2-3814D1E2BC56}.Release|x64.ActiveCfg = Release|Any CPU
		{9B4E0933-9238-46B2-9FD2-3814D1E2BC56}.Release|x64.Build.0 = Release|Any CPU
		{9B4E0933-9238-46B2-9FD2-3814D1E2BC56}.Release|x86.ActiveCfg = Release|Any CPU
		{9B4E0933-9238-46B2-9FD2-3814D1E2BC56}.Release|x86.Build.0 = Release|Any CPU
	EndGlobalSection
	GlobalSection(SolutionProperties) = preSolution
		HideSolutionNode = FALSE
	EndGlobalSection
	GlobalSection(NestedProjects) = preSolution
		{8D626EA8-CB54-BC41-363A-217881BEBA6E} = {827E0CD3-B72D-47B6-A68D-7590B98EB39B}
		{BCB0E357-9FE7-46A8-B2F9-EBCAD846762E} = {8D626EA8-CB54-BC41-363A-217881BEBA6E}
		{87C5026C-91AE-4FE7-9D7B-AE0E05AD0E54} = {8D626EA8-CB54-BC41-363A-217881BEBA6E}
		{D9DA0CA6-8C94-484B-9653-272165C88CDE} = {8D626EA8-CB54-BC41-363A-217881BEBA6E}
		{58D3A2C3-F96F-5E57-2C6B-ECE59D6A18FC} = {827E0CD3-B72D-47B6-A68D-7590B98EB39B}
		{8F98457C-29F0-4913-91EE-7AEED55ABCE6} = {58D3A2C3-F96F-5E57-2C6B-ECE59D6A18FC}
		{DAC44156-DE7B-4A03-9A0F-92C972CAEC04} = {58D3A2C3-F96F-5E57-2C6B-ECE59D6A18FC}
		{BC49EA2D-49B0-4FEE-8512-158262DED7A0} = {58D3A2C3-F96F-5E57-2C6B-ECE59D6A18FC}
		{96D60CBF-54B5-44B4-9ABF-60D85CF13A1D} = {827E0CD3-B72D-47B6-A68D-7590B98EB39B}
		{C7B2E3EF-A165-40C6-AFD6-4AB362442F47} = {0AB3BF05-4346-4AA6-1389-037BE0695223}
		{255B4AC4-2125-4301-89FF-0449FAF7BDD1} = {0AB3BF05-4346-4AA6-1389-037BE0695223}
		{9B4E0933-9238-46B2-9FD2-3814D1E2BC56} = {0AB3BF05-4346-4AA6-1389-037BE0695223}
	EndGlobalSection
EndGlobal
