
Microsoft Visual Studio Solution File, Format Version 12.00
# Visual Studio Version 17
VisualStudioVersion = 17.0.31903.59
MinimumVisualStudioVersion = 10.0.40219.1
Project("{2150E333-8FDC-42A3-9474-1A3956D46DE8}") = "src", "src", "{827E0CD3-B72D-47B6-A68D-7590B98EB39B}"
EndProject
Project("{FAE04EC0-301F-11D3-BF4B-00C04F79EFBC}") = "Domain", "src\Domain\Domain.csproj", "{FA543C22-421A-4EAB-9670-C76E6500A9DB}"
EndProject
Project("{FAE04EC0-301F-11D3-BF4B-00C04F79EFBC}") = "Application", "src\Application\Application.csproj", "{0445F194-FBCF-4A03-B3E8-F125F3C6ED9D}"
EndProject
Project("{FAE04EC0-301F-11D3-BF4B-00C04F79EFBC}") = "Infrastructure.Write", "src\Infrastructure.Write\Infrastructure.Write.csproj", "{F3F805CA-25B1-4FFC-B94E-0BAD72E94B0C}"
EndProject
Project("{FAE04EC0-301F-11D3-BF4B-00C04F79EFBC}") = "Infrastructure.Read", "src\Infrastructure.Read\Infrastructure.Read.csproj", "{8062D4CF-B349-4E54-A906-668F27F188AA}"
EndProject
Project("{FAE04EC0-301F-11D3-BF4B-00C04F79EFBC}") = "WebApi", "src\WebApi\WebApi.csproj", "{E94998F0-5E95-4420-9873-A3EB6934B9CE}"
EndProject
Project("{2150E333-8FDC-42A3-9474-1A3956D46DE8}") = "tests", "tests", "{0AB3BF05-4346-4AA6-1389-037BE0695223}"
EndProject
Project("{FAE04EC0-301F-11D3-BF4B-00C04F79EFBC}") = "Application.Tests", "tests\Application.Tests\Application.Tests.csproj", "{30E74BF8-35A3-45F8-A849-A7B93207CC00}"
EndProject
Project("{FAE04EC0-301F-11D3-BF4B-00C04F79EFBC}") = "Infrastructure.Write.Tests", "tests\Infrastructure.Write.Tests\Infrastructure.Write.Tests.csproj", "{F191F152-F4BA-4524-99A7-7AB663D18AC4}"
EndProject
Project("{FAE04EC0-301F-11D3-BF4B-00C04F79EFBC}") = "Infrastructure.Read.Tests", "tests\Infrastructure.Read.Tests\Infrastructure.Read.Tests.csproj", "{D4EBECAD-B2B5-47CE-8B64-04F959C872A8}"
EndProject
Global
	GlobalSection(SolutionConfigurationPlatforms) = preSolution
		Debug|Any CPU = Debug|Any CPU
		Debug|x64 = Debug|x64
		Debug|x86 = Debug|x86
		Release|Any CPU = Release|Any CPU
		Release|x64 = Release|x64
		Release|x86 = Release|x86
	EndGlobalSection
	GlobalSection(ProjectConfigurationPlatforms) = postSolution
		{FA543C22-421A-4EAB-9670-C76E6500A9DB}.Debug|Any CPU.ActiveCfg = Debug|Any CPU
		{FA543C22-421A-4EAB-9670-C76E6500A9DB}.Debug|Any CPU.Build.0 = Debug|Any CPU
		{FA543C22-421A-4EAB-9670-C76E6500A9DB}.Debug|x64.ActiveCfg = Debug|Any CPU
		{FA543C22-421A-4EAB-9670-C76E6500A9DB}.Debug|x64.Build.0 = Debug|Any CPU
		{FA543C22-421A-4EAB-9670-C76E6500A9DB}.Debug|x86.ActiveCfg = Debug|Any CPU
		{FA543C22-421A-4EAB-9670-C76E6500A9DB}.Debug|x86.Build.0 = Debug|Any CPU
		{FA543C22-421A-4EAB-9670-C76E6500A9DB}.Release|Any CPU.ActiveCfg = Release|Any CPU
		{FA543C22-421A-4EAB-9670-C76E6500A9DB}.Release|Any CPU.Build.0 = Release|Any CPU
		{FA543C22-421A-4EAB-9670-C76E6500A9DB}.Release|x64.ActiveCfg = Release|Any CPU
		{FA543C22-421A-4EAB-9670-C76E6500A9DB}.Release|x64.Build.0 = Release|Any CPU
		{FA543C22-421A-4EAB-9670-C76E6500A9DB}.Release|x86.ActiveCfg = Release|Any CPU
		{FA543C22-421A-4EAB-9670-C76E6500A9DB}.Release|x86.Build.0 = Release|Any CPU
		{0445F194-FBCF-4A03-B3E8-F125F3C6ED9D}.Debug|Any CPU.ActiveCfg = Debug|Any CPU
		{0445F194-FBCF-4A03-B3E8-F125F3C6ED9D}.Debug|Any CPU.Build.0 = Debug|Any CPU
		{0445F194-FBCF-4A03-B3E8-F125F3C6ED9D}.Debug|x64.ActiveCfg = Debug|Any CPU
		{0445F194-FBCF-4A03-B3E8-F125F3C6ED9D}.Debug|x64.Build.0 = Debug|Any CPU
		{0445F194-FBCF-4A03-B3E8-F125F3C6ED9D}.Debug|x86.ActiveCfg = Debug|Any CPU
		{0445F194-FBCF-4A03-B3E8-F125F3C6ED9D}.Debug|x86.Build.0 = Debug|Any CPU
		{0445F194-FBCF-4A03-B3E8-F125F3C6ED9D}.Release|Any CPU.ActiveCfg = Release|Any CPU
		{0445F194-FBCF-4A03-B3E8-F125F3C6ED9D}.Release|Any CPU.Build.0 = Release|Any CPU
		{0445F194-FBCF-4A03-B3E8-F125F3C6ED9D}.Release|x64.ActiveCfg = Release|Any CPU
		{0445F194-FBCF-4A03-B3E8-F125F3C6ED9D}.Release|x64.Build.0 = Release|Any CPU
		{0445F194-FBCF-4A03-B3E8-F125F3C6ED9D}.Release|x86.ActiveCfg = Release|Any CPU
		{0445F194-FBCF-4A03-B3E8-F125F3C6ED9D}.Release|x86.Build.0 = Release|Any CPU
		{F3F805CA-25B1-4FFC-B94E-0BAD72E94B0C}.Debug|Any CPU.ActiveCfg = Debug|Any CPU
		{F3F805CA-25B1-4FFC-B94E-0BAD72E94B0C}.Debug|Any CPU.Build.0 = Debug|Any CPU
		{F3F805CA-25B1-4FFC-B94E-0BAD72E94B0C}.Debug|x64.ActiveCfg = Debug|Any CPU
		{F3F805CA-25B1-4FFC-B94E-0BAD72E94B0C}.Debug|x64.Build.0 = Debug|Any CPU
		{F3F805CA-25B1-4FFC-B94E-0BAD72E94B0C}.Debug|x86.ActiveCfg = Debug|Any CPU
		{F3F805CA-25B1-4FFC-B94E-0BAD72E94B0C}.Debug|x86.Build.0 = Debug|Any CPU
		{F3F805CA-25B1-4FFC-B94E-0BAD72E94B0C}.Release|Any CPU.ActiveCfg = Release|Any CPU
		{F3F805CA-25B1-4FFC-B94E-0BAD72E94B0C}.Release|Any CPU.Build.0 = Release|Any CPU
		{F3F805CA-25B1-4FFC-B94E-0BAD72E94B0C}.Release|x64.ActiveCfg = Release|Any CPU
		{F3F805CA-25B1-4FFC-B94E-0BAD72E94B0C}.Release|x64.Build.0 = Release|Any CPU
		{F3F805CA-25B1-4FFC-B94E-0BAD72E94B0C}.Release|x86.ActiveCfg = Release|Any CPU
		{F3F805CA-25B1-4FFC-B94E-0BAD72E94B0C}.Release|x86.Build.0 = Release|Any CPU
		{8062D4CF-B349-4E54-A906-668F27F188AA}.Debug|Any CPU.ActiveCfg = Debug|Any CPU
		{8062D4CF-B349-4E54-A906-668F27F188AA}.Debug|Any CPU.Build.0 = Debug|Any CPU
		{8062D4CF-B349-4E54-A906-668F27F188AA}.Debug|x64.ActiveCfg = Debug|Any CPU
		{8062D4CF-B349-4E54-A906-668F27F188AA}.Debug|x64.Build.0 = Debug|Any CPU
		{8062D4CF-B349-4E54-A906-668F27F188AA}.Debug|x86.ActiveCfg = Debug|Any CPU
		{8062D4CF-B349-4E54-A906-668F27F188AA}.Debug|x86.Build.0 = Debug|Any CPU
		{8062D4CF-B349-4E54-A906-668F27F188AA}.Release|Any CPU.ActiveCfg = Release|Any CPU
		{8062D4CF-B349-4E54-A906-668F27F188AA}.Release|Any CPU.Build.0 = Release|Any CPU
		{8062D4CF-B349-4E54-A906-668F27F188AA}.Release|x64.ActiveCfg = Release|Any CPU
		{8062D4CF-B349-4E54-A906-668F27F188AA}.Release|x64.Build.0 = Release|Any CPU
		{8062D4CF-B349-4E54-A906-668F27F188AA}.Release|x86.ActiveCfg = Release|Any CPU
		{8062D4CF-B349-4E54-A906-668F27F188AA}.Release|x86.Build.0 = Release|Any CPU
		{E94998F0-5E95-4420-9873-A3EB6934B9CE}.Debug|Any CPU.ActiveCfg = Debug|Any CPU
		{E94998F0-5E95-4420-9873-A3EB6934B9CE}.Debug|Any CPU.Build.0 = Debug|Any CPU
		{E94998F0-5E95-4420-9873-A3EB6934B9CE}.Debug|x64.ActiveCfg = Debug|Any CPU
		{E94998F0-5E95-4420-9873-A3EB6934B9CE}.Debug|x64.Build.0 = Debug|Any CPU
		{E94998F0-5E95-4420-9873-A3EB6934B9CE}.Debug|x86.ActiveCfg = Debug|Any CPU
		{E94998F0-5E95-4420-9873-A3EB6934B9CE}.Debug|x86.Build.0 = Debug|Any CPU
		{E94998F0-5E95-4420-9873-A3EB6934B9CE}.Release|Any CPU.ActiveCfg = Release|Any CPU
		{E94998F0-5E95-4420-9873-A3EB6934B9CE}.Release|Any CPU.Build.0 = Release|Any CPU
		{E94998F0-5E95-4420-9873-A3EB6934B9CE}.Release|x64.ActiveCfg = Release|Any CPU
		{E94998F0-5E95-4420-9873-A3EB6934B9CE}.Release|x64.Build.0 = Release|Any CPU
		{E94998F0-5E95-4420-9873-A3EB6934B9CE}.Release|x86.ActiveCfg = Release|Any CPU
		{E94998F0-5E95-4420-9873-A3EB6934B9CE}.Release|x86.Build.0 = Release|Any CPU
		{30E74BF8-35A3-45F8-A849-A7B93207CC00}.Debug|Any CPU.ActiveCfg = Debug|Any CPU
		{30E74BF8-35A3-45F8-A849-A7B93207CC00}.Debug|Any CPU.Build.0 = Debug|Any CPU
		{30E74BF8-35A3-45F8-A849-A7B93207CC00}.Debug|x64.ActiveCfg = Debug|Any CPU
		{30E74BF8-35A3-45F8-A849-A7B93207CC00}.Debug|x64.Build.0 = Debug|Any CPU
		{30E74BF8-35A3-45F8-A849-A7B93207CC00}.Debug|x86.ActiveCfg = Debug|Any CPU
		{30E74BF8-35A3-45F8-A849-A7B93207CC00}.Debug|x86.Build.0 = Debug|Any CPU
		{30E74BF8-35A3-45F8-A849-A7B93207CC00}.Release|Any CPU.ActiveCfg = Release|Any CPU
		{30E74BF8-35A3-45F8-A849-A7B93207CC00}.Release|Any CPU.Build.0 = Release|Any CPU
		{30E74BF8-35A3-45F8-A849-A7B93207CC00}.Release|x64.ActiveCfg = Release|Any CPU
		{30E74BF8-35A3-45F8-A849-A7B93207CC00}.Release|x64.Build.0 = Release|Any CPU
		{30E74BF8-35A3-45F8-A849-A7B93207CC00}.Release|x86.ActiveCfg = Release|Any CPU
		{30E74BF8-35A3-45F8-A849-A7B93207CC00}.Release|x86.Build.0 = Release|Any CPU
		{F191F152-F4BA-4524-99A7-7AB663D18AC4}.Debug|Any CPU.ActiveCfg = Debug|Any CPU
		{F191F152-F4BA-4524-99A7-7AB663D18AC4}.Debug|Any CPU.Build.0 = Debug|Any CPU
		{F191F152-F4BA-4524-99A7-7AB663D18AC4}.Debug|x64.ActiveCfg = Debug|Any CPU
		{F191F152-F4BA-4524-99A7-7AB663D18AC4}.Debug|x64.Build.0 = Debug|Any CPU
		{F191F152-F4BA-4524-99A7-7AB663D18AC4}.Debug|x86.ActiveCfg = Debug|Any CPU
		{F191F152-F4BA-4524-99A7-7AB663D18AC4}.Debug|x86.Build.0 = Debug|Any CPU
		{F191F152-F4BA-4524-99A7-7AB663D18AC4}.Release|Any CPU.ActiveCfg = Release|Any CPU
		{F191F152-F4BA-4524-99A7-7AB663D18AC4}.Release|Any CPU.Build.0 = Release|Any CPU
		{F191F152-F4BA-4524-99A7-7AB663D18AC4}.Release|x64.ActiveCfg = Release|Any CPU
		{F191F152-F4BA-4524-99A7-7AB663D18AC4}.Release|x64.Build.0 = Release|Any CPU
		{F191F152-F4BA-4524-99A7-7AB663D18AC4}.Release|x86.ActiveCfg = Release|Any CPU
		{F191F152-F4BA-4524-99A7-7AB663D18AC4}.Release|x86.Build.0 = Release|Any CPU
		{D4EBECAD-B2B5-47CE-8B64-04F959C872A8}.Debug|Any CPU.ActiveCfg = Debug|Any CPU
		{D4EBECAD-B2B5-47CE-8B64-04F959C872A8}.Debug|Any CPU.Build.0 = Debug|Any CPU
		{D4EBECAD-B2B5-47CE-8B64-04F959C872A8}.Debug|x64.ActiveCfg = Debug|Any CPU
		{D4EBECAD-B2B5-47CE-8B64-04F959C872A8}.Debug|x64.Build.0 = Debug|Any CPU
		{D4EBECAD-B2B5-47CE-8B64-04F959C872A8}.Debug|x86.ActiveCfg = Debug|Any CPU
		{D4EBECAD-B2B5-47CE-8B64-04F959C872A8}.Debug|x86.Build.0 = Debug|Any CPU
		{D4EBECAD-B2B5-47CE-8B64-04F959C872A8}.Release|Any CPU.ActiveCfg = Release|Any CPU
		{D4EBECAD-B2B5-47CE-8B64-04F959C872A8}.Release|Any CPU.Build.0 = Release|Any CPU
		{D4EBECAD-B2B5-47CE-8B64-04F959C872A8}.Release|x64.ActiveCfg = Release|Any CPU
		{D4EBECAD-B2B5-47CE-8B64-04F959C872A8}.Release|x64.Build.0 = Release|Any CPU
		{D4EBECAD-B2B5-47CE-8B64-04F959C872A8}.Release|x86.ActiveCfg = Release|Any CPU
		{D4EBECAD-B2B5-47CE-8B64-04F959C872A8}.Release|x86.Build.0 = Release|Any CPU
	EndGlobalSection
	GlobalSection(SolutionProperties) = preSolution
		HideSolutionNode = FALSE
	EndGlobalSection
	GlobalSection(NestedProjects) = preSolution
		{FA543C22-421A-4EAB-9670-C76E6500A9DB} = {827E0CD3-B72D-47B6-A68D-7590B98EB39B}
		{0445F194-FBCF-4A03-B3E8-F125F3C6ED9D} = {827E0CD3-B72D-47B6-A68D-7590B98EB39B}
		{F3F805CA-25B1-4FFC-B94E-0BAD72E94B0C} = {827E0CD3-B72D-47B6-A68D-7590B98EB39B}
		{8062D4CF-B349-4E54-A906-668F27F188AA} = {827E0CD3-B72D-47B6-A68D-7590B98EB39B}
		{E94998F0-5E95-4420-9873-A3EB6934B9CE} = {827E0CD3-B72D-47B6-A68D-7590B98EB39B}
		{30E74BF8-35A3-45F8-A849-A7B93207CC00} = {0AB3BF05-4346-4AA6-1389-037BE0695223}
		{F191F152-F4BA-4524-99A7-7AB663D18AC4} = {0AB3BF05-4346-4AA6-1389-037BE0695223}
		{D4EBECAD-B2B5-47CE-8B64-04F959C872A8} = {0AB3BF05-4346-4AA6-1389-037BE0695223}
	EndGlobalSection
EndGlobal
