
Microsoft Visual Studio Solution File, Format Version 12.00
# Visual Studio Version 17
VisualStudioVersion = 17.0.31903.59
MinimumVisualStudioVersion = 10.0.40219.1
Project("{2150E333-8FDC-42A3-9474-1A3956D46DE8}") = "src", "src", "{827E0CD3-B72D-47B6-A68D-7590B98EB39B}"
EndProject
Project("{2150E333-8FDC-42A3-9474-1A3956D46DE8}") = "BuildingBlocks", "BuildingBlocks", "{90298CBA-BD6F-3A0A-69D5-97CAD7B05E7E}"
EndProject
Project("{2150E333-8FDC-42A3-9474-1A3956D46DE8}") = "EventBus", "EventBus", "{4D909E3A-FE81-0AA7-4841-65E192C827E3}"
EndProject
Project("{2150E333-8FDC-42A3-9474-1A3956D46DE8}") = "EventBus.Abstractions", "EventBus.Abstractions", "{BC058177-4C4F-E482-4034-0F71CE8D38E0}"
EndProject
Project("{FAE04EC0-301F-11D3-BF4B-00C04F79EFBC}") = "BuildingBlocks.EventBus.Abstractions", "src\BuildingBlocks\EventBus\EventBus.Abstractions\BuildingBlocks.EventBus.Abstractions.csproj", "{29562F76-0916-413E-886A-C8EF92D78113}"
EndProject
Project("{2150E333-8FDC-42A3-9474-1A3956D46DE8}") = "EventBus.RabbitMQ", "EventBus.RabbitMQ", "{C606B0AD-C002-E9F0-805B-8A23A16332FC}"
EndProject
Project("{FAE04EC0-301F-11D3-BF4B-00C04F79EFBC}") = "BuildingBlocks.EventBus.RabbitMQ", "src\BuildingBlocks\EventBus\EventBus.RabbitMQ\BuildingBlocks.EventBus.RabbitMQ.csproj", "{C3DC4370-77E3-4546-A177-9F5532EFA21D}"
EndProject
Project("{2150E333-8FDC-42A3-9474-1A3956D46DE8}") = "EventBus.AzureServiceBus", "EventBus.AzureServiceBus", "{E10DDA98-541F-1511-50C8-D487E09DDF58}"
EndProject
Project("{FAE04EC0-301F-11D3-BF4B-00C04F79EFBC}") = "BuildingBlocks.EventBus.AzureServiceBus", "src\BuildingBlocks\EventBus\EventBus.AzureServiceBus\BuildingBlocks.EventBus.AzureServiceBus.csproj", "{D61FB49C-51A6-442D-92A7-031D9363DD08}"
EndProject
Project("{2150E333-8FDC-42A3-9474-1A3956D46DE8}") = "WebHost.Customization", "WebHost.Customization", "{E501D2F8-C828-E02C-DFEE-892B211F2D85}"
EndProject
Project("{FAE04EC0-301F-11D3-BF4B-00C04F79EFBC}") = "BuildingBlocks.WebHost.Customization", "src\BuildingBlocks\WebHost.Customization\BuildingBlocks.WebHost.Customization.csproj", "{59496DE7-CAF4-444A-ACBF-E5AA62577B74}"
EndProject
Project("{2150E333-8FDC-42A3-9474-1A3956D46DE8}") = "Common", "Common", "{F8284A3B-6172-4543-FC74-2C149A4C2E29}"
EndProject
Project("{FAE04EC0-301F-11D3-BF4B-00C04F79EFBC}") = "BuildingBlocks.Common", "src\BuildingBlocks\Common\BuildingBlocks.Common.csproj", "{F1FBBD45-2B42-4A9C-BB69-59919E365AE0}"
EndProject
Project("{FAE04EC0-301F-11D3-BF4B-00C04F79EFBC}") = "ApiGateway", "src\ApiGateway\ApiGateway.csproj", "{C03D9615-6B9F-4CB0-BD94-C5DDC899D08B}"
EndProject
Project("{2150E333-8FDC-42A3-9474-1A3956D46DE8}") = "Services", "Services", "{984BB9B3-3FA3-BE33-9484-CAC21695A33C}"
EndProject
Project("{2150E333-8FDC-42A3-9474-1A3956D46DE8}") = "OrderService", "OrderService", "{F5625D22-DF6D-6E20-0384-6B2F7CAD8697}"
EndProject
Project("{FAE04EC0-301F-11D3-BF4B-00C04F79EFBC}") = "OrderService.Api", "src\Services\OrderService\OrderService.Api\OrderService.Api.csproj", "{01C182B4-873B-453A-8676-589B14CF906B}"
EndProject
Project("{FAE04EC0-301F-11D3-BF4B-00C04F79EFBC}") = "OrderService.Domain", "src\Services\OrderService\OrderService.Domain\OrderService.Domain.csproj", "{6D87CF71-7097-4D62-A8AD-B00EDC67BE2B}"
EndProject
Project("{FAE04EC0-301F-11D3-BF4B-00C04F79EFBC}") = "OrderService.Application", "src\Services\OrderService\OrderService.Application\OrderService.Application.csproj", "{37B05BD4-DF31-42F2-A813-973BBC03D32B}"
EndProject
Project("{FAE04EC0-301F-11D3-BF4B-00C04F79EFBC}") = "OrderService.Infrastructure", "src\Services\OrderService\OrderService.Infrastructure\OrderService.Infrastructure.csproj", "{9DBF66EF-450D-47F0-8ADD-A9E5629AA81E}"
EndProject
Project("{2150E333-8FDC-42A3-9474-1A3956D46DE8}") = "CatalogService", "CatalogService", "{09734656-93E7-93B1-A2F5-3066A08F773B}"
EndProject
Project("{FAE04EC0-301F-11D3-BF4B-00C04F79EFBC}") = "CatalogService.Api", "src\Services\CatalogService\CatalogService.Api\CatalogService.Api.csproj", "{B92D0D58-40CF-443C-969D-CA330073DD0D}"
EndProject
Project("{FAE04EC0-301F-11D3-BF4B-00C04F79EFBC}") = "CatalogService.Domain", "src\Services\CatalogService\CatalogService.Domain\CatalogService.Domain.csproj", "{54E46A78-CB0B-4285-899C-2C0554C89AC5}"
EndProject
Project("{FAE04EC0-301F-11D3-BF4B-00C04F79EFBC}") = "CatalogService.Application", "src\Services\CatalogService\CatalogService.Application\CatalogService.Application.csproj", "{AEC7B03F-690C-401D-80E5-59368B79140B}"
EndProject
Project("{FAE04EC0-301F-11D3-BF4B-00C04F79EFBC}") = "CatalogService.Infrastructure", "src\Services\CatalogService\CatalogService.Infrastructure\CatalogService.Infrastructure.csproj", "{FBBA58BF-A928-47AD-AF9F-FA6F8697742F}"
EndProject
Project("{2150E333-8FDC-42A3-9474-1A3956D46DE8}") = "CustomerService", "CustomerService", "{19B15F64-EB37-87DE-4F88-783833EF3D73}"
EndProject
Project("{FAE04EC0-301F-11D3-BF4B-00C04F79EFBC}") = "CustomerService.Api", "src\Services\CustomerService\CustomerService.Api\CustomerService.Api.csproj", "{76B94A08-CB0F-49E4-9A5D-BC04242B6DC4}"
EndProject
Project("{FAE04EC0-301F-11D3-BF4B-00C04F79EFBC}") = "CustomerService.Domain", "src\Services\CustomerService\CustomerService.Domain\CustomerService.Domain.csproj", "{098E4DFC-E873-4B68-AF6D-CE81B7E48862}"
EndProject
Project("{FAE04EC0-301F-11D3-BF4B-00C04F79EFBC}") = "CustomerService.Application", "src\Services\CustomerService\CustomerService.Application\CustomerService.Application.csproj", "{9D420D44-D828-4274-87B0-2F5D488B4163}"
EndProject
Project("{FAE04EC0-301F-11D3-BF4B-00C04F79EFBC}") = "CustomerService.Infrastructure", "src\Services\CustomerService\CustomerService.Infrastructure\CustomerService.Infrastructure.csproj", "{7316CEFC-9617-4FE9-B2A7-DEBBDE046281}"
EndProject
Project("{2150E333-8FDC-42A3-9474-1A3956D46DE8}") = "tests", "tests", "{0AB3BF05-4346-4AA6-1389-037BE0695223}"
EndProject
Project("{FAE04EC0-301F-11D3-BF4B-00C04F79EFBC}") = "OrderService.Tests", "tests\OrderService.Tests\OrderService.Tests.csproj", "{5F691BB4-9DE8-4990-B65B-B55FB79055D6}"
EndProject
Project("{FAE04EC0-301F-11D3-BF4B-00C04F79EFBC}") = "CatalogService.Tests", "tests\CatalogService.Tests\CatalogService.Tests.csproj", "{1BA7466A-4F1E-4116-9555-190E60095A43}"
EndProject
Project("{FAE04EC0-301F-11D3-BF4B-00C04F79EFBC}") = "CustomerService.Tests", "tests\CustomerService.Tests\CustomerService.Tests.csproj", "{1D00C629-AFE9-44BE-8B5B-01BB893ED835}"
EndProject
Global
	GlobalSection(SolutionConfigurationPlatforms) = preSolution
		Debug|Any CPU = Debug|Any CPU
		Debug|x64 = Debug|x64
		Debug|x86 = Debug|x86
		Release|Any CPU = Release|Any CPU
		Release|x64 = Release|x64
		Release|x86 = Release|x86
	EndGlobalSection
	GlobalSection(ProjectConfigurationPlatforms) = postSolution
		{29562F76-0916-413E-886A-C8EF92D78113}.Debug|Any CPU.ActiveCfg = Debug|Any CPU
		{29562F76-0916-413E-886A-C8EF92D78113}.Debug|Any CPU.Build.0 = Debug|Any CPU
		{29562F76-0916-413E-886A-C8EF92D78113}.Debug|x64.ActiveCfg = Debug|Any CPU
		{29562F76-0916-413E-886A-C8EF92D78113}.Debug|x64.Build.0 = Debug|Any CPU
		{29562F76-0916-413E-886A-C8EF92D78113}.Debug|x86.ActiveCfg = Debug|Any CPU
		{29562F76-0916-413E-886A-C8EF92D78113}.Debug|x86.Build.0 = Debug|Any CPU
		{29562F76-0916-413E-886A-C8EF92D78113}.Release|Any CPU.ActiveCfg = Release|Any CPU
		{29562F76-0916-413E-886A-C8EF92D78113}.Release|Any CPU.Build.0 = Release|Any CPU
		{29562F76-0916-413E-886A-C8EF92D78113}.Release|x64.ActiveCfg = Release|Any CPU
		{29562F76-0916-413E-886A-C8EF92D78113}.Release|x64.Build.0 = Release|Any CPU
		{29562F76-0916-413E-886A-C8EF92D78113}.Release|x86.ActiveCfg = Release|Any CPU
		{29562F76-0916-413E-886A-C8EF92D78113}.Release|x86.Build.0 = Release|Any CPU
		{C3DC4370-77E3-4546-A177-9F5532EFA21D}.Debug|Any CPU.ActiveCfg = Debug|Any CPU
		{C3DC4370-77E3-4546-A177-9F5532EFA21D}.Debug|Any CPU.Build.0 = Debug|Any CPU
		{C3DC4370-77E3-4546-A177-9F5532EFA21D}.Debug|x64.ActiveCfg = Debug|Any CPU
		{C3DC4370-77E3-4546-A177-9F5532EFA21D}.Debug|x64.Build.0 = Debug|Any CPU
		{C3DC4370-77E3-4546-A177-9F5532EFA21D}.Debug|x86.ActiveCfg = Debug|Any CPU
		{C3DC4370-77E3-4546-A177-9F5532EFA21D}.Debug|x86.Build.0 = Debug|Any CPU
		{C3DC4370-77E3-4546-A177-9F5532EFA21D}.Release|Any CPU.ActiveCfg = Release|Any CPU
		{C3DC4370-77E3-4546-A177-9F5532EFA21D}.Release|Any CPU.Build.0 = Release|Any CPU
		{C3DC4370-77E3-4546-A177-9F5532EFA21D}.Release|x64.ActiveCfg = Release|Any CPU
		{C3DC4370-77E3-4546-A177-9F5532EFA21D}.Release|x64.Build.0 = Release|Any CPU
		{C3DC4370-77E3-4546-A177-9F5532EFA21D}.Release|x86.ActiveCfg = Release|Any CPU
		{C3DC4370-77E3-4546-A177-9F5532EFA21D}.Release|x86.Build.0 = Release|Any CPU
		{D61FB49C-51A6-442D-92A7-031D9363DD08}.Debug|Any CPU.ActiveCfg = Debug|Any CPU
		{D61FB49C-51A6-442D-92A7-031D9363DD08}.Debug|Any CPU.Build.0 = Debug|Any CPU
		{D61FB49C-51A6-442D-92A7-031D9363DD08}.Debug|x64.ActiveCfg = Debug|Any CPU
		{D61FB49C-51A6-442D-92A7-031D9363DD08}.Debug|x64.Build.0 = Debug|Any CPU
		{D61FB49C-51A6-442D-92A7-031D9363DD08}.Debug|x86.ActiveCfg = Debug|Any CPU
		{D61FB49C-51A6-442D-92A7-031D9363DD08}.Debug|x86.Build.0 = Debug|Any CPU
		{D61FB49C-51A6-442D-92A7-031D9363DD08}.Release|Any CPU.ActiveCfg = Release|Any CPU
		{D61FB49C-51A6-442D-92A7-031D9363DD08}.Release|Any CPU.Build.0 = Release|Any CPU
		{D61FB49C-51A6-442D-92A7-031D9363DD08}.Release|x64.ActiveCfg = Release|Any CPU
		{D61FB49C-51A6-442D-92A7-031D9363DD08}.Release|x64.Build.0 = Release|Any CPU
		{D61FB49C-51A6-442D-92A7-031D9363DD08}.Release|x86.ActiveCfg = Release|Any CPU
		{D61FB49C-51A6-442D-92A7-031D9363DD08}.Release|x86.Build.0 = Release|Any CPU
		{59496DE7-CAF4-444A-ACBF-E5AA62577B74}.Debug|Any CPU.ActiveCfg = Debug|Any CPU
		{59496DE7-CAF4-444A-ACBF-E5AA62577B74}.Debug|Any CPU.Build.0 = Debug|Any CPU
		{59496DE7-CAF4-444A-ACBF-E5AA62577B74}.Debug|x64.ActiveCfg = Debug|Any CPU
		{59496DE7-CAF4-444A-ACBF-E5AA62577B74}.Debug|x64.Build.0 = Debug|Any CPU
		{59496DE7-CAF4-444A-ACBF-E5AA62577B74}.Debug|x86.ActiveCfg = Debug|Any CPU
		{59496DE7-CAF4-444A-ACBF-E5AA62577B74}.Debug|x86.Build.0 = Debug|Any CPU
		{59496DE7-CAF4-444A-ACBF-E5AA62577B74}.Release|Any CPU.ActiveCfg = Release|Any CPU
		{59496DE7-CAF4-444A-ACBF-E5AA62577B74}.Release|Any CPU.Build.0 = Release|Any CPU
		{59496DE7-CAF4-444A-ACBF-E5AA62577B74}.Release|x64.ActiveCfg = Release|Any CPU
		{59496DE7-CAF4-444A-ACBF-E5AA62577B74}.Release|x64.Build.0 = Release|Any CPU
		{59496DE7-CAF4-444A-ACBF-E5AA62577B74}.Release|x86.ActiveCfg = Release|Any CPU
		{59496DE7-CAF4-444A-ACBF-E5AA62577B74}.Release|x86.Build.0 = Release|Any CPU
		{F1FBBD45-2B42-4A9C-BB69-59919E365AE0}.Debug|Any CPU.ActiveCfg = Debug|Any CPU
		{F1FBBD45-2B42-4A9C-BB69-59919E365AE0}.Debug|Any CPU.Build.0 = Debug|Any CPU
		{F1FBBD45-2B42-4A9C-BB69-59919E365AE0}.Debug|x64.ActiveCfg = Debug|Any CPU
		{F1FBBD45-2B42-4A9C-BB69-59919E365AE0}.Debug|x64.Build.0 = Debug|Any CPU
		{F1FBBD45-2B42-4A9C-BB69-59919E365AE0}.Debug|x86.ActiveCfg = Debug|Any CPU
		{F1FBBD45-2B42-4A9C-BB69-59919E365AE0}.Debug|x86.Build.0 = Debug|Any CPU
		{F1FBBD45-2B42-4A9C-BB69-59919E365AE0}.Release|Any CPU.ActiveCfg = Release|Any CPU
		{F1FBBD45-2B42-4A9C-BB69-59919E365AE0}.Release|Any CPU.Build.0 = Release|Any CPU
		{F1FBBD45-2B42-4A9C-BB69-59919E365AE0}.Release|x64.ActiveCfg = Release|Any CPU
		{F1FBBD45-2B42-4A9C-BB69-59919E365AE0}.Release|x64.Build.0 = Release|Any CPU
		{F1FBBD45-2B42-4A9C-BB69-59919E365AE0}.Release|x86.ActiveCfg = Release|Any CPU
		{F1FBBD45-2B42-4A9C-BB69-59919E365AE0}.Release|x86.Build.0 = Release|Any CPU
		{C03D9615-6B9F-4CB0-BD94-C5DDC899D08B}.Debug|Any CPU.ActiveCfg = Debug|Any CPU
		{C03D9615-6B9F-4CB0-BD94-C5DDC899D08B}.Debug|Any CPU.Build.0 = Debug|Any CPU
		{C03D9615-6B9F-4CB0-BD94-C5DDC899D08B}.Debug|x64.ActiveCfg = Debug|Any CPU
		{C03D9615-6B9F-4CB0-BD94-C5DDC899D08B}.Debug|x64.Build.0 = Debug|Any CPU
		{C03D9615-6B9F-4CB0-BD94-C5DDC899D08B}.Debug|x86.ActiveCfg = Debug|Any CPU
		{C03D9615-6B9F-4CB0-BD94-C5DDC899D08B}.Debug|x86.Build.0 = Debug|Any CPU
		{C03D9615-6B9F-4CB0-BD94-C5DDC899D08B}.Release|Any CPU.ActiveCfg = Release|Any CPU
		{C03D9615-6B9F-4CB0-BD94-C5DDC899D08B}.Release|Any CPU.Build.0 = Release|Any CPU
		{C03D9615-6B9F-4CB0-BD94-C5DDC899D08B}.Release|x64.ActiveCfg = Release|Any CPU
		{C03D9615-6B9F-4CB0-BD94-C5DDC899D08B}.Release|x64.Build.0 = Release|Any CPU
		{C03D9615-6B9F-4CB0-BD94-C5DDC899D08B}.Release|x86.ActiveCfg = Release|Any CPU
		{C03D9615-6B9F-4CB0-BD94-C5DDC899D08B}.Release|x86.Build.0 = Release|Any CPU
		{01C182B4-873B-453A-8676-589B14CF906B}.Debug|Any CPU.ActiveCfg = Debug|Any CPU
		{01C182B4-873B-453A-8676-589B14CF906B}.Debug|Any CPU.Build.0 = Debug|Any CPU
		{01C182B4-873B-453A-8676-589B14CF906B}.Debug|x64.ActiveCfg = Debug|Any CPU
		{01C182B4-873B-453A-8676-589B14CF906B}.Debug|x64.Build.0 = Debug|Any CPU
		{01C182B4-873B-453A-8676-589B14CF906B}.Debug|x86.ActiveCfg = Debug|Any CPU
		{01C182B4-873B-453A-8676-589B14CF906B}.Debug|x86.Build.0 = Debug|Any CPU
		{01C182B4-873B-453A-8676-589B14CF906B}.Release|Any CPU.ActiveCfg = Release|Any CPU
		{01C182B4-873B-453A-8676-589B14CF906B}.Release|Any CPU.Build.0 = Release|Any CPU
		{01C182B4-873B-453A-8676-589B14CF906B}.Release|x64.ActiveCfg = Release|Any CPU
		{01C182B4-873B-453A-8676-589B14CF906B}.Release|x64.Build.0 = Release|Any CPU
		{01C182B4-873B-453A-8676-589B14CF906B}.Release|x86.ActiveCfg = Release|Any CPU
		{01C182B4-873B-453A-8676-589B14CF906B}.Release|x86.Build.0 = Release|Any CPU
		{6D87CF71-7097-4D62-A8AD-B00EDC67BE2B}.Debug|Any CPU.ActiveCfg = Debug|Any CPU
		{6D87CF71-7097-4D62-A8AD-B00EDC67BE2B}.Debug|Any CPU.Build.0 = Debug|Any CPU
		{6D87CF71-7097-4D62-A8AD-B00EDC67BE2B}.Debug|x64.ActiveCfg = Debug|Any CPU
		{6D87CF71-7097-4D62-A8AD-B00EDC67BE2B}.Debug|x64.Build.0 = Debug|Any CPU
		{6D87CF71-7097-4D62-A8AD-B00EDC67BE2B}.Debug|x86.ActiveCfg = Debug|Any CPU
		{6D87CF71-7097-4D62-A8AD-B00EDC67BE2B}.Debug|x86.Build.0 = Debug|Any CPU
		{6D87CF71-7097-4D62-A8AD-B00EDC67BE2B}.Release|Any CPU.ActiveCfg = Release|Any CPU
		{6D87CF71-7097-4D62-A8AD-B00EDC67BE2B}.Release|Any CPU.Build.0 = Release|Any CPU
		{6D87CF71-7097-4D62-A8AD-B00EDC67BE2B}.Release|x64.ActiveCfg = Release|Any CPU
		{6D87CF71-7097-4D62-A8AD-B00EDC67BE2B}.Release|x64.Build.0 = Release|Any CPU
		{6D87CF71-7097-4D62-A8AD-B00EDC67BE2B}.Release|x86.ActiveCfg = Release|Any CPU
		{6D87CF71-7097-4D62-A8AD-B00EDC67BE2B}.Release|x86.Build.0 = Release|Any CPU
		{37B05BD4-DF31-42F2-A813-973BBC03D32B}.Debug|Any CPU.ActiveCfg = Debug|Any CPU
		{37B05BD4-DF31-42F2-A813-973BBC03D32B}.Debug|Any CPU.Build.0 = Debug|Any CPU
		{37B05BD4-DF31-42F2-A813-973BBC03D32B}.Debug|x64.ActiveCfg = Debug|Any CPU
		{37B05BD4-DF31-42F2-A813-973BBC03D32B}.Debug|x64.Build.0 = Debug|Any CPU
		{37B05BD4-DF31-42F2-A813-973BBC03D32B}.Debug|x86.ActiveCfg = Debug|Any CPU
		{37B05BD4-DF31-42F2-A813-973BBC03D32B}.Debug|x86.Build.0 = Debug|Any CPU
		{37B05BD4-DF31-42F2-A813-973BBC03D32B}.Release|Any CPU.ActiveCfg = Release|Any CPU
		{37B05BD4-DF31-42F2-A813-973BBC03D32B}.Release|Any CPU.Build.0 = Release|Any CPU
		{37B05BD4-DF31-42F2-A813-973BBC03D32B}.Release|x64.ActiveCfg = Release|Any CPU
		{37B05BD4-DF31-42F2-A813-973BBC03D32B}.Release|x64.Build.0 = Release|Any CPU
		{37B05BD4-DF31-42F2-A813-973BBC03D32B}.Release|x86.ActiveCfg = Release|Any CPU
		{37B05BD4-DF31-42F2-A813-973BBC03D32B}.Release|x86.Build.0 = Release|Any CPU
		{9DBF66EF-450D-47F0-8ADD-A9E5629AA81E}.Debug|Any CPU.ActiveCfg = Debug|Any CPU
		{9DBF66EF-450D-47F0-8ADD-A9E5629AA81E}.Debug|Any CPU.Build.0 = Debug|Any CPU
		{9DBF66EF-450D-47F0-8ADD-A9E5629AA81E}.Debug|x64.ActiveCfg = Debug|Any CPU
		{9DBF66EF-450D-47F0-8ADD-A9E5629AA81E}.Debug|x64.Build.0 = Debug|Any CPU
		{9DBF66EF-450D-47F0-8ADD-A9E5629AA81E}.Debug|x86.ActiveCfg = Debug|Any CPU
		{9DBF66EF-450D-47F0-8ADD-A9E5629AA81E}.Debug|x86.Build.0 = Debug|Any CPU
		{9DBF66EF-450D-47F0-8ADD-A9E5629AA81E}.Release|Any CPU.ActiveCfg = Release|Any CPU
		{9DBF66EF-450D-47F0-8ADD-A9E5629AA81E}.Release|Any CPU.Build.0 = Release|Any CPU
		{9DBF66EF-450D-47F0-8ADD-A9E5629AA81E}.Release|x64.ActiveCfg = Release|Any CPU
		{9DBF66EF-450D-47F0-8ADD-A9E5629AA81E}.Release|x64.Build.0 = Release|Any CPU
		{9DBF66EF-450D-47F0-8ADD-A9E5629AA81E}.Release|x86.ActiveCfg = Release|Any CPU
		{9DBF66EF-450D-47F0-8ADD-A9E5629AA81E}.Release|x86.Build.0 = Release|Any CPU
		{B92D0D58-40CF-443C-969D-CA330073DD0D}.Debug|Any CPU.ActiveCfg = Debug|Any CPU
		{B92D0D58-40CF-443C-969D-CA330073DD0D}.Debug|Any CPU.Build.0 = Debug|Any CPU
		{B92D0D58-40CF-443C-969D-CA330073DD0D}.Debug|x64.ActiveCfg = Debug|Any CPU
		{B92D0D58-40CF-443C-969D-CA330073DD0D}.Debug|x64.Build.0 = Debug|Any CPU
		{B92D0D58-40CF-443C-969D-CA330073DD0D}.Debug|x86.ActiveCfg = Debug|Any CPU
		{B92D0D58-40CF-443C-969D-CA330073DD0D}.Debug|x86.Build.0 = Debug|Any CPU
		{B92D0D58-40CF-443C-969D-CA330073DD0D}.Release|Any CPU.ActiveCfg = Release|Any CPU
		{B92D0D58-40CF-443C-969D-CA330073DD0D}.Release|Any CPU.Build.0 = Release|Any CPU
		{B92D0D58-40CF-443C-969D-CA330073DD0D}.Release|x64.ActiveCfg = Release|Any CPU
		{B92D0D58-40CF-443C-969D-CA330073DD0D}.Release|x64.Build.0 = Release|Any CPU
		{B92D0D58-40CF-443C-969D-CA330073DD0D}.Release|x86.ActiveCfg = Release|Any CPU
		{B92D0D58-40CF-443C-969D-CA330073DD0D}.Release|x86.Build.0 = Release|Any CPU
		{54E46A78-CB0B-4285-899C-2C0554C89AC5}.Debug|Any CPU.ActiveCfg = Debug|Any CPU
		{54E46A78-CB0B-4285-899C-2C0554C89AC5}.Debug|Any CPU.Build.0 = Debug|Any CPU
		{54E46A78-CB0B-4285-899C-2C0554C89AC5}.Debug|x64.ActiveCfg = Debug|Any CPU
		{54E46A78-CB0B-4285-899C-2C0554C89AC5}.Debug|x64.Build.0 = Debug|Any CPU
		{54E46A78-CB0B-4285-899C-2C0554C89AC5}.Debug|x86.ActiveCfg = Debug|Any CPU
		{54E46A78-CB0B-4285-899C-2C0554C89AC5}.Debug|x86.Build.0 = Debug|Any CPU
		{54E46A78-CB0B-4285-899C-2C0554C89AC5}.Release|Any CPU.ActiveCfg = Release|Any CPU
		{54E46A78-CB0B-4285-899C-2C0554C89AC5}.Release|Any CPU.Build.0 = Release|Any CPU
		{54E46A78-CB0B-4285-899C-2C0554C89AC5}.Release|x64.ActiveCfg = Release|Any CPU
		{54E46A78-CB0B-4285-899C-2C0554C89AC5}.Release|x64.Build.0 = Release|Any CPU
		{54E46A78-CB0B-4285-899C-2C0554C89AC5}.Release|x86.ActiveCfg = Release|Any CPU
		{54E46A78-CB0B-4285-899C-2C0554C89AC5}.Release|x86.Build.0 = Release|Any CPU
		{AEC7B03F-690C-401D-80E5-59368B79140B}.Debug|Any CPU.ActiveCfg = Debug|Any CPU
		{AEC7B03F-690C-401D-80E5-59368B79140B}.Debug|Any CPU.Build.0 = Debug|Any CPU
		{AEC7B03F-690C-401D-80E5-59368B79140B}.Debug|x64.ActiveCfg = Debug|Any CPU
		{AEC7B03F-690C-401D-80E5-59368B79140B}.Debug|x64.Build.0 = Debug|Any CPU
		{AEC7B03F-690C-401D-80E5-59368B79140B}.Debug|x86.ActiveCfg = Debug|Any CPU
		{AEC7B03F-690C-401D-80E5-59368B79140B}.Debug|x86.Build.0 = Debug|Any CPU
		{AEC7B03F-690C-401D-80E5-59368B79140B}.Release|Any CPU.ActiveCfg = Release|Any CPU
		{AEC7B03F-690C-401D-80E5-59368B79140B}.Release|Any CPU.Build.0 = Release|Any CPU
		{AEC7B03F-690C-401D-80E5-59368B79140B}.Release|x64.ActiveCfg = Release|Any CPU
		{AEC7B03F-690C-401D-80E5-59368B79140B}.Release|x64.Build.0 = Release|Any CPU
		{AEC7B03F-690C-401D-80E5-59368B79140B}.Release|x86.ActiveCfg = Release|Any CPU
		{AEC7B03F-690C-401D-80E5-59368B79140B}.Release|x86.Build.0 = Release|Any CPU
		{FBBA58BF-A928-47AD-AF9F-FA6F8697742F}.Debug|Any CPU.ActiveCfg = Debug|Any CPU
		{FBBA58BF-A928-47AD-AF9F-FA6F8697742F}.Debug|Any CPU.Build.0 = Debug|Any CPU
		{FBBA58BF-A928-47AD-AF9F-FA6F8697742F}.Debug|x64.ActiveCfg = Debug|Any CPU
		{FBBA58BF-A928-47AD-AF9F-FA6F8697742F}.Debug|x64.Build.0 = Debug|Any CPU
		{FBBA58BF-A928-47AD-AF9F-FA6F8697742F}.Debug|x86.ActiveCfg = Debug|Any CPU
		{FBBA58BF-A928-47AD-AF9F-FA6F8697742F}.Debug|x86.Build.0 = Debug|Any CPU
		{FBBA58BF-A928-47AD-AF9F-FA6F8697742F}.Release|Any CPU.ActiveCfg = Release|Any CPU
		{FBBA58BF-A928-47AD-AF9F-FA6F8697742F}.Release|Any CPU.Build.0 = Release|Any CPU
		{FBBA58BF-A928-47AD-AF9F-FA6F8697742F}.Release|x64.ActiveCfg = Release|Any CPU
		{FBBA58BF-A928-47AD-AF9F-FA6F8697742F}.Release|x64.Build.0 = Release|Any CPU
		{FBBA58BF-A928-47AD-AF9F-FA6F8697742F}.Release|x86.ActiveCfg = Release|Any CPU
		{FBBA58BF-A928-47AD-AF9F-FA6F8697742F}.Release|x86.Build.0 = Release|Any CPU
		{76B94A08-CB0F-49E4-9A5D-BC04242B6DC4}.Debug|Any CPU.ActiveCfg = Debug|Any CPU
		{76B94A08-CB0F-49E4-9A5D-BC04242B6DC4}.Debug|Any CPU.Build.0 = Debug|Any CPU
		{76B94A08-CB0F-49E4-9A5D-BC04242B6DC4}.Debug|x64.ActiveCfg = Debug|Any CPU
		{76B94A08-CB0F-49E4-9A5D-BC04242B6DC4}.Debug|x64.Build.0 = Debug|Any CPU
		{76B94A08-CB0F-49E4-9A5D-BC04242B6DC4}.Debug|x86.ActiveCfg = Debug|Any CPU
		{76B94A08-CB0F-49E4-9A5D-BC04242B6DC4}.Debug|x86.Build.0 = Debug|Any CPU
		{76B94A08-CB0F-49E4-9A5D-BC04242B6DC4}.Release|Any CPU.ActiveCfg = Release|Any CPU
		{76B94A08-CB0F-49E4-9A5D-BC04242B6DC4}.Release|Any CPU.Build.0 = Release|Any CPU
		{76B94A08-CB0F-49E4-9A5D-BC04242B6DC4}.Release|x64.ActiveCfg = Release|Any CPU
		{76B94A08-CB0F-49E4-9A5D-BC04242B6DC4}.Release|x64.Build.0 = Release|Any CPU
		{76B94A08-CB0F-49E4-9A5D-BC04242B6DC4}.Release|x86.ActiveCfg = Release|Any CPU
		{76B94A08-CB0F-49E4-9A5D-BC04242B6DC4}.Release|x86.Build.0 = Release|Any CPU
		{098E4DFC-E873-4B68-AF6D-CE81B7E48862}.Debug|Any CPU.ActiveCfg = Debug|Any CPU
		{098E4DFC-E873-4B68-AF6D-CE81B7E48862}.Debug|Any CPU.Build.0 = Debug|Any CPU
		{098E4DFC-E873-4B68-AF6D-CE81B7E48862}.Debug|x64.ActiveCfg = Debug|Any CPU
		{098E4DFC-E873-4B68-AF6D-CE81B7E48862}.Debug|x64.Build.0 = Debug|Any CPU
		{098E4DFC-E873-4B68-AF6D-CE81B7E48862}.Debug|x86.ActiveCfg = Debug|Any CPU
		{098E4DFC-E873-4B68-AF6D-CE81B7E48862}.Debug|x86.Build.0 = Debug|Any CPU
		{098E4DFC-E873-4B68-AF6D-CE81B7E48862}.Release|Any CPU.ActiveCfg = Release|Any CPU
		{098E4DFC-E873-4B68-AF6D-CE81B7E48862}.Release|Any CPU.Build.0 = Release|Any CPU
		{098E4DFC-E873-4B68-AF6D-CE81B7E48862}.Release|x64.ActiveCfg = Release|Any CPU
		{098E4DFC-E873-4B68-AF6D-CE81B7E48862}.Release|x64.Build.0 = Release|Any CPU
		{098E4DFC-E873-4B68-AF6D-CE81B7E48862}.Release|x86.ActiveCfg = Release|Any CPU
		{098E4DFC-E873-4B68-AF6D-CE81B7E48862}.Release|x86.Build.0 = Release|Any CPU
		{9D420D44-D828-4274-87B0-2F5D488B4163}.Debug|Any CPU.ActiveCfg = Debug|Any CPU
		{9D420D44-D828-4274-87B0-2F5D488B4163}.Debug|Any CPU.Build.0 = Debug|Any CPU
		{9D420D44-D828-4274-87B0-2F5D488B4163}.Debug|x64.ActiveCfg = Debug|Any CPU
		{9D420D44-D828-4274-87B0-2F5D488B4163}.Debug|x64.Build.0 = Debug|Any CPU
		{9D420D44-D828-4274-87B0-2F5D488B4163}.Debug|x86.ActiveCfg = Debug|Any CPU
		{9D420D44-D828-4274-87B0-2F5D488B4163}.Debug|x86.Build.0 = Debug|Any CPU
		{9D420D44-D828-4274-87B0-2F5D488B4163}.Release|Any CPU.ActiveCfg = Release|Any CPU
		{9D420D44-D828-4274-87B0-2F5D488B4163}.Release|Any CPU.Build.0 = Release|Any CPU
		{9D420D44-D828-4274-87B0-2F5D488B4163}.Release|x64.ActiveCfg = Release|Any CPU
		{9D420D44-D828-4274-87B0-2F5D488B4163}.Release|x64.Build.0 = Release|Any CPU
		{9D420D44-D828-4274-87B0-2F5D488B4163}.Release|x86.ActiveCfg = Release|Any CPU
		{9D420D44-D828-4274-87B0-2F5D488B4163}.Release|x86.Build.0 = Release|Any CPU
		{7316CEFC-9617-4FE9-B2A7-DEBBDE046281}.Debug|Any CPU.ActiveCfg = Debug|Any CPU
		{7316CEFC-9617-4FE9-B2A7-DEBBDE046281}.Debug|Any CPU.Build.0 = Debug|Any CPU
		{7316CEFC-9617-4FE9-B2A7-DEBBDE046281}.Debug|x64.ActiveCfg = Debug|Any CPU
		{7316CEFC-9617-4FE9-B2A7-DEBBDE046281}.Debug|x64.Build.0 = Debug|Any CPU
		{7316CEFC-9617-4FE9-B2A7-DEBBDE046281}.Debug|x86.ActiveCfg = Debug|Any CPU
		{7316CEFC-9617-4FE9-B2A7-DEBBDE046281}.Debug|x86.Build.0 = Debug|Any CPU
		{7316CEFC-9617-4FE9-B2A7-DEBBDE046281}.Release|Any CPU.ActiveCfg = Release|Any CPU
		{7316CEFC-9617-4FE9-B2A7-DEBBDE046281}.Release|Any CPU.Build.0 = Release|Any CPU
		{7316CEFC-9617-4FE9-B2A7-DEBBDE046281}.Release|x64.ActiveCfg = Release|Any CPU
		{7316CEFC-9617-4FE9-B2A7-DEBBDE046281}.Release|x64.Build.0 = Release|Any CPU
		{7316CEFC-9617-4FE9-B2A7-DEBBDE046281}.Release|x86.ActiveCfg = Release|Any CPU
		{7316CEFC-9617-4FE9-B2A7-DEBBDE046281}.Release|x86.Build.0 = Release|Any CPU
		{5F691BB4-9DE8-4990-B65B-B55FB79055D6}.Debug|Any CPU.ActiveCfg = Debug|Any CPU
		{5F691BB4-9DE8-4990-B65B-B55FB79055D6}.Debug|Any CPU.Build.0 = Debug|Any CPU
		{5F691BB4-9DE8-4990-B65B-B55FB79055D6}.Debug|x64.ActiveCfg = Debug|Any CPU
		{5F691BB4-9DE8-4990-B65B-B55FB79055D6}.Debug|x64.Build.0 = Debug|Any CPU
		{5F691BB4-9DE8-4990-B65B-B55FB79055D6}.Debug|x86.ActiveCfg = Debug|Any CPU
		{5F691BB4-9DE8-4990-B65B-B55FB79055D6}.Debug|x86.Build.0 = Debug|Any CPU
		{5F691BB4-9DE8-4990-B65B-B55FB79055D6}.Release|Any CPU.ActiveCfg = Release|Any CPU
		{5F691BB4-9DE8-4990-B65B-B55FB79055D6}.Release|Any CPU.Build.0 = Release|Any CPU
		{5F691BB4-9DE8-4990-B65B-B55FB79055D6}.Release|x64.ActiveCfg = Release|Any CPU
		{5F691BB4-9DE8-4990-B65B-B55FB79055D6}.Release|x64.Build.0 = Release|Any CPU
		{5F691BB4-9DE8-4990-B65B-B55FB79055D6}.Release|x86.ActiveCfg = Release|Any CPU
		{5F691BB4-9DE8-4990-B65B-B55FB79055D6}.Release|x86.Build.0 = Release|Any CPU
		{1BA7466A-4F1E-4116-9555-190E60095A43}.Debug|Any CPU.ActiveCfg = Debug|Any CPU
		{1BA7466A-4F1E-4116-9555-190E60095A43}.Debug|Any CPU.Build.0 = Debug|Any CPU
		{1BA7466A-4F1E-4116-9555-190E60095A43}.Debug|x64.ActiveCfg = Debug|Any CPU
		{1BA7466A-4F1E-4116-9555-190E60095A43}.Debug|x64.Build.0 = Debug|Any CPU
		{1BA7466A-4F1E-4116-9555-190E60095A43}.Debug|x86.ActiveCfg = Debug|Any CPU
		{1BA7466A-4F1E-4116-9555-190E60095A43}.Debug|x86.Build.0 = Debug|Any CPU
		{1BA7466A-4F1E-4116-9555-190E60095A43}.Release|Any CPU.ActiveCfg = Release|Any CPU
		{1BA7466A-4F1E-4116-9555-190E60095A43}.Release|Any CPU.Build.0 = Release|Any CPU
		{1BA7466A-4F1E-4116-9555-190E60095A43}.Release|x64.ActiveCfg = Release|Any CPU
		{1BA7466A-4F1E-4116-9555-190E60095A43}.Release|x64.Build.0 = Release|Any CPU
		{1BA7466A-4F1E-4116-9555-190E60095A43}.Release|x86.ActiveCfg = Release|Any CPU
		{1BA7466A-4F1E-4116-9555-190E60095A43}.Release|x86.Build.0 = Release|Any CPU
		{1D00C629-AFE9-44BE-8B5B-01BB893ED835}.Debug|Any CPU.ActiveCfg = Debug|Any CPU
		{1D00C629-AFE9-44BE-8B5B-01BB893ED835}.Debug|Any CPU.Build.0 = Debug|Any CPU
		{1D00C629-AFE9-44BE-8B5B-01BB893ED835}.Debug|x64.ActiveCfg = Debug|Any CPU
		{1D00C629-AFE9-44BE-8B5B-01BB893ED835}.Debug|x64.Build.0 = Debug|Any CPU
		{1D00C629-AFE9-44BE-8B5B-01BB893ED835}.Debug|x86.ActiveCfg = Debug|Any CPU
		{1D00C629-AFE9-44BE-8B5B-01BB893ED835}.Debug|x86.Build.0 = Debug|Any CPU
		{1D00C629-AFE9-44BE-8B5B-01BB893ED835}.Release|Any CPU.ActiveCfg = Release|Any CPU
		{1D00C629-AFE9-44BE-8B5B-01BB893ED835}.Release|Any CPU.Build.0 = Release|Any CPU
		{1D00C629-AFE9-44BE-8B5B-01BB893ED835}.Release|x64.ActiveCfg = Release|Any CPU
		{1D00C629-AFE9-44BE-8B5B-01BB893ED835}.Release|x64.Build.0 = Release|Any CPU
		{1D00C629-AFE9-44BE-8B5B-01BB893ED835}.Release|x86.ActiveCfg = Release|Any CPU
		{1D00C629-AFE9-44BE-8B5B-01BB893ED835}.Release|x86.Build.0 = Release|Any CPU
	EndGlobalSection
	GlobalSection(SolutionProperties) = preSolution
		HideSolutionNode = FALSE
	EndGlobalSection
	GlobalSection(NestedProjects) = preSolution
		{90298CBA-BD6F-3A0A-69D5-97CAD7B05E7E} = {827E0CD3-B72D-47B6-A68D-7590B98EB39B}
		{4D909E3A-FE81-0AA7-4841-65E192C827E3} = {90298CBA-BD6F-3A0A-69D5-97CAD7B05E7E}
		{BC058177-4C4F-E482-4034-0F71CE8D38E0} = {4D909E3A-FE81-0AA7-4841-65E192C827E3}
		{29562F76-0916-413E-886A-C8EF92D78113} = {BC058177-4C4F-E482-4034-0F71CE8D38E0}
		{C606B0AD-C002-E9F0-805B-8A23A16332FC} = {4D909E3A-FE81-0AA7-4841-65E192C827E3}
		{C3DC4370-77E3-4546-A177-9F5532EFA21D} = {C606B0AD-C002-E9F0-805B-8A23A16332FC}
		{E10DDA98-541F-1511-50C8-D487E09DDF58} = {4D909E3A-FE81-0AA7-4841-65E192C827E3}
		{D61FB49C-51A6-442D-92A7-031D9363DD08} = {E10DDA98-541F-1511-50C8-D487E09DDF58}
		{E501D2F8-C828-E02C-DFEE-892B211F2D85} = {90298CBA-BD6F-3A0A-69D5-97CAD7B05E7E}
		{59496DE7-CAF4-444A-ACBF-E5AA62577B74} = {E501D2F8-C828-E02C-DFEE-892B211F2D85}
		{F8284A3B-6172-4543-FC74-2C149A4C2E29} = {90298CBA-BD6F-3A0A-69D5-97CAD7B05E7E}
		{F1FBBD45-2B42-4A9C-BB69-59919E365AE0} = {F8284A3B-6172-4543-FC74-2C149A4C2E29}
		{C03D9615-6B9F-4CB0-BD94-C5DDC899D08B} = {827E0CD3-B72D-47B6-A68D-7590B98EB39B}
		{984BB9B3-3FA3-BE33-9484-CAC21695A33C} = {827E0CD3-B72D-47B6-A68D-7590B98EB39B}
		{F5625D22-DF6D-6E20-0384-6B2F7CAD8697} = {984BB9B3-3FA3-BE33-9484-CAC21695A33C}
		{01C182B4-873B-453A-8676-589B14CF906B} = {F5625D22-DF6D-6E20-0384-6B2F7CAD8697}
		{6D87CF71-7097-4D62-A8AD-B00EDC67BE2B} = {F5625D22-DF6D-6E20-0384-6B2F7CAD8697}
		{37B05BD4-DF31-42F2-A813-973BBC03D32B} = {F5625D22-DF6D-6E20-0384-6B2F7CAD8697}
		{9DBF66EF-450D-47F0-8ADD-A9E5629AA81E} = {F5625D22-DF6D-6E20-0384-6B2F7CAD8697}
		{09734656-93E7-93B1-A2F5-3066A08F773B} = {984BB9B3-3FA3-BE33-9484-CAC21695A33C}
		{B92D0D58-40CF-443C-969D-CA330073DD0D} = {09734656-93E7-93B1-A2F5-3066A08F773B}
		{54E46A78-CB0B-4285-899C-2C0554C89AC5} = {09734656-93E7-93B1-A2F5-3066A08F773B}
		{AEC7B03F-690C-401D-80E5-59368B79140B} = {09734656-93E7-93B1-A2F5-3066A08F773B}
		{FBBA58BF-A928-47AD-AF9F-FA6F8697742F} = {09734656-93E7-93B1-A2F5-3066A08F773B}
		{19B15F64-EB37-87DE-4F88-783833EF3D73} = {984BB9B3-3FA3-BE33-9484-CAC21695A33C}
		{76B94A08-CB0F-49E4-9A5D-BC04242B6DC4} = {19B15F64-EB37-87DE-4F88-783833EF3D73}
		{098E4DFC-E873-4B68-AF6D-CE81B7E48862} = {19B15F64-EB37-87DE-4F88-783833EF3D73}
		{9D420D44-D828-4274-87B0-2F5D488B4163} = {19B15F64-EB37-87DE-4F88-783833EF3D73}
		{7316CEFC-9617-4FE9-B2A7-DEBBDE046281} = {19B15F64-EB37-87DE-4F88-783833EF3D73}
		{5F691BB4-9DE8-4990-B65B-B55FB79055D6} = {0AB3BF05-4346-4AA6-1389-037BE0695223}
		{1BA7466A-4F1E-4116-9555-190E60095A43} = {0AB3BF05-4346-4AA6-1389-037BE0695223}
		{1D00C629-AFE9-44BE-8B5B-01BB893ED835} = {0AB3BF05-4346-4AA6-1389-037BE0695223}
	EndGlobalSection
EndGlobal
